// !$*UTF8*$!
{
	archiveVersion = 1;
	classes = {
	};
	objectVersion = 50;
	objects = {

/* Begin PBXBuildFile section */
		4305F373224007C500F6DE77 /* List.swift in Sources */ = {isa = PBXBuildFile; fileRef = 4305F372224007C500F6DE77 /* List.swift */; };
		4305F3752240087800F6DE77 /* Item.swift in Sources */ = {isa = PBXBuildFile; fileRef = 4305F3742240087800F6DE77 /* Item.swift */; };
		4305F37722400A3500F6DE77 /* ListTableViewCell.swift in Sources */ = {isa = PBXBuildFile; fileRef = 4305F37622400A3500F6DE77 /* ListTableViewCell.swift */; };
		430D8D2E224DEBA20082FCF2 /* FeedEvent.swift in Sources */ = {isa = PBXBuildFile; fileRef = 430D8D2D224DEBA20082FCF2 /* FeedEvent.swift */; };
		430D8D30224DF1730082FCF2 /* Friend.swift in Sources */ = {isa = PBXBuildFile; fileRef = 430D8D2F224DF1730082FCF2 /* Friend.swift */; };
		43176570223B644700C1963E /* Authenticator.swift in Sources */ = {isa = PBXBuildFile; fileRef = 4317656F223B644700C1963E /* Authenticator.swift */; };
		431A0DDA228DCBCA00F2E6BD /* FeedEventTableViewCell.swift in Sources */ = {isa = PBXBuildFile; fileRef = 431A0DD9228DCBCA00F2E6BD /* FeedEventTableViewCell.swift */; };
		431A0DDC228DCC7300F2E6BD /* EventItemView.swift in Sources */ = {isa = PBXBuildFile; fileRef = 431A0DDB228DCC7300F2E6BD /* EventItemView.swift */; };
		431CAF3E2240A08700F50FC8 /* NSAttributedStringExt.swift in Sources */ = {isa = PBXBuildFile; fileRef = 431CAF3D2240A08700F50FC8 /* NSAttributedStringExt.swift */; };
		431DF89F2249EDA500717312 /* CreateItemViewController.swift in Sources */ = {isa = PBXBuildFile; fileRef = 431DF89E2249EDA500717312 /* CreateItemViewController.swift */; };
		431DF8A22249FF7600717312 /* UIGestureRecognizerExt.swift in Sources */ = {isa = PBXBuildFile; fileRef = 431DF8A12249FF7600717312 /* UIGestureRecognizerExt.swift */; };
		4342708D226ECAA00079AB22 /* ResultsTableViewController.swift in Sources */ = {isa = PBXBuildFile; fileRef = 4342708C226ECAA00079AB22 /* ResultsTableViewController.swift */; };
		4342708F226EE00F0079AB22 /* UserSearchTableViewCell.swift in Sources */ = {isa = PBXBuildFile; fileRef = 4342708E226EE00F0079AB22 /* UserSearchTableViewCell.swift */; };
		43503BD8226BE449001BE92E /* ListFilterSegmentedControl.swift in Sources */ = {isa = PBXBuildFile; fileRef = 43503BD7226BE449001BE92E /* ListFilterSegmentedControl.swift */; };
		43503BDA226D2262001BE92E /* FaveAttributedLabel.swift in Sources */ = {isa = PBXBuildFile; fileRef = 43503BD9226D2262001BE92E /* FaveAttributedLabel.swift */; };
		4369CF432257C11300FCA156 /* FaveTests.swift in Sources */ = {isa = PBXBuildFile; fileRef = 438534CF223336BB00B99EC7 /* FaveTests.swift */; };
		4369CF4522583E7300FCA156 /* Haptic.swift in Sources */ = {isa = PBXBuildFile; fileRef = 4369CF4422583E7300FCA156 /* Haptic.swift */; };
		4369CF472258409D00FCA156 /* UIViewExt.swift in Sources */ = {isa = PBXBuildFile; fileRef = 4369CF462258409D00FCA156 /* UIViewExt.swift */; };
		4369CF49225982F900FCA156 /* ItemViewController.swift in Sources */ = {isa = PBXBuildFile; fileRef = 4369CF48225982F900FCA156 /* ItemViewController.swift */; };
		4369CF4B2259884C00FCA156 /* ItemTableHeaderView.swift in Sources */ = {isa = PBXBuildFile; fileRef = 4369CF4A2259884C00FCA156 /* ItemTableHeaderView.swift */; };
		4369CF4D22598C1400FCA156 /* ItemInfoTableViewCell.swift in Sources */ = {isa = PBXBuildFile; fileRef = 4369CF4C22598C1400FCA156 /* ItemInfoTableViewCell.swift */; };
		4376A9EB225A509400741F92 /* ItemMapTableViewCell.swift in Sources */ = {isa = PBXBuildFile; fileRef = 4376A9EA225A509400741F92 /* ItemMapTableViewCell.swift */; };
		4376A9ED225A509C00741F92 /* ItemPhotosTableViewCell.swift in Sources */ = {isa = PBXBuildFile; fileRef = 4376A9EC225A509C00741F92 /* ItemPhotosTableViewCell.swift */; };
		4376A9EF225A517900741F92 /* ItemListSuggestionsTableViewCell.swift in Sources */ = {isa = PBXBuildFile; fileRef = 4376A9EE225A517900741F92 /* ItemListSuggestionsTableViewCell.swift */; };
		43824890227B50E800257D27 /* MyListsViewController.swift in Sources */ = {isa = PBXBuildFile; fileRef = 4382488F227B50E800257D27 /* MyListsViewController.swift */; };
		43824892227C069900257D27 /* AutosizingTableView.swift in Sources */ = {isa = PBXBuildFile; fileRef = 43824891227C069900257D27 /* AutosizingTableView.swift */; };
		438534BB223336BA00B99EC7 /* AppDelegate.swift in Sources */ = {isa = PBXBuildFile; fileRef = 438534BA223336BA00B99EC7 /* AppDelegate.swift */; };
		438534BD223336BA00B99EC7 /* FeedViewController.swift in Sources */ = {isa = PBXBuildFile; fileRef = 438534BC223336BA00B99EC7 /* FeedViewController.swift */; };
		438534C2223336BB00B99EC7 /* Assets.xcassets in Resources */ = {isa = PBXBuildFile; fileRef = 438534C1223336BB00B99EC7 /* Assets.xcassets */; };
		438534C5223336BB00B99EC7 /* LaunchScreen.storyboard in Resources */ = {isa = PBXBuildFile; fileRef = 438534C3223336BB00B99EC7 /* LaunchScreen.storyboard */; };
		438534D0223336BB00B99EC7 /* FaveTests.swift in Sources */ = {isa = PBXBuildFile; fileRef = 438534CF223336BB00B99EC7 /* FaveTests.swift */; };
		438534DB223336BB00B99EC7 /* FaveUITests.swift in Sources */ = {isa = PBXBuildFile; fileRef = 438534DA223336BB00B99EC7 /* FaveUITests.swift */; };
		438534EA2233386100B99EC7 /* CartographyExt.swift in Sources */ = {isa = PBXBuildFile; fileRef = 438534E92233386100B99EC7 /* CartographyExt.swift */; };
		438534EC2233388900B99EC7 /* SaveCollections.swift in Sources */ = {isa = PBXBuildFile; fileRef = 438534EB2233388900B99EC7 /* SaveCollections.swift */; };
		438534EE223338AD00B99EC7 /* UITableViewExtensions.swift in Sources */ = {isa = PBXBuildFile; fileRef = 438534ED223338AD00B99EC7 /* UITableViewExtensions.swift */; };
		438534F0223338C600B99EC7 /* IntExtensions.swift in Sources */ = {isa = PBXBuildFile; fileRef = 438534EF223338C600B99EC7 /* IntExtensions.swift */; };
		438534F2223338E700B99EC7 /* FaveColors.swift in Sources */ = {isa = PBXBuildFile; fileRef = 438534F1223338E700B99EC7 /* FaveColors.swift */; };
		438534F52233391500B99EC7 /* Color.swift in Sources */ = {isa = PBXBuildFile; fileRef = 438534F42233391500B99EC7 /* Color.swift */; };
		438534FA2233397E00B99EC7 /* FaveVC.swift in Sources */ = {isa = PBXBuildFile; fileRef = 438534F92233397E00B99EC7 /* FaveVC.swift */; };
		438534FC223339B200B99EC7 /* AnalyticsEvents.swift in Sources */ = {isa = PBXBuildFile; fileRef = 438534FB223339B200B99EC7 /* AnalyticsEvents.swift */; };
		438534FE223339D500B99EC7 /* Analytics.swift in Sources */ = {isa = PBXBuildFile; fileRef = 438534FD223339D500B99EC7 /* Analytics.swift */; };
		4385350022333A0700B99EC7 /* AppConfiguration.swift in Sources */ = {isa = PBXBuildFile; fileRef = 438534FF22333A0700B99EC7 /* AppConfiguration.swift */; };
		4385350222333A1E00B99EC7 /* DependencyGraph.swift in Sources */ = {isa = PBXBuildFile; fileRef = 4385350122333A1E00B99EC7 /* DependencyGraph.swift */; };
		4385350522333AA700B99EC7 /* Networking.swift in Sources */ = {isa = PBXBuildFile; fileRef = 4385350422333AA700B99EC7 /* Networking.swift */; };
		4385350722333AFF00B99EC7 /* FaveService.swift in Sources */ = {isa = PBXBuildFile; fileRef = 4385350622333AFF00B99EC7 /* FaveService.swift */; };
		4385350922333B3D00B99EC7 /* AnalyticsService.swift in Sources */ = {isa = PBXBuildFile; fileRef = 4385350822333B3D00B99EC7 /* AnalyticsService.swift */; };
		4385350B22333B8200B99EC7 /* FaveEndpoint.swift in Sources */ = {isa = PBXBuildFile; fileRef = 4385350A22333B8200B99EC7 /* FaveEndpoint.swift */; };
		4386BFE022334760006A3ED7 /* LoggedOutViewController.swift in Sources */ = {isa = PBXBuildFile; fileRef = 4386BFDF22334760006A3ED7 /* LoggedOutViewController.swift */; };
		4386BFE3223351DF006A3ED7 /* Utility.swift in Sources */ = {isa = PBXBuildFile; fileRef = 4386BFE2223351DF006A3ED7 /* Utility.swift */; };
		4386BFE522335777006A3ED7 /* FaveFont.swift in Sources */ = {isa = PBXBuildFile; fileRef = 4386BFE422335777006A3ED7 /* FaveFont.swift */; };
		4386BFEC223359B1006A3ED7 /* ProximaNova-Regular.otf in Resources */ = {isa = PBXBuildFile; fileRef = 4386BFE7223359B0006A3ED7 /* ProximaNova-Regular.otf */; };
		4386BFED223359B1006A3ED7 /* ProximaNova-Semibold.otf in Resources */ = {isa = PBXBuildFile; fileRef = 4386BFE8223359B1006A3ED7 /* ProximaNova-Semibold.otf */; };
		4386BFEE223359B1006A3ED7 /* ProximaNova-Extrabld.otf in Resources */ = {isa = PBXBuildFile; fileRef = 4386BFE9223359B1006A3ED7 /* ProximaNova-Extrabld.otf */; };
		4386BFEF223359B1006A3ED7 /* ProximaNova-Light.otf in Resources */ = {isa = PBXBuildFile; fileRef = 4386BFEA223359B1006A3ED7 /* ProximaNova-Light.otf */; };
		4386BFF0223359B1006A3ED7 /* ProximaNova-Bold.otf in Resources */ = {isa = PBXBuildFile; fileRef = 4386BFEB223359B1006A3ED7 /* ProximaNova-Bold.otf */; };
		4386BFF222335F43006A3ED7 /* Label.swift in Sources */ = {isa = PBXBuildFile; fileRef = 4386BFF122335F43006A3ED7 /* Label.swift */; };
		4386BFF422335FA8006A3ED7 /* Shimmer.swift in Sources */ = {isa = PBXBuildFile; fileRef = 4386BFF322335FA8006A3ED7 /* Shimmer.swift */; };
		43915CA72272C7D400562B5A /* DiscoverUserSectionHeaderView.swift in Sources */ = {isa = PBXBuildFile; fileRef = 43915CA62272C7D400562B5A /* DiscoverUserSectionHeaderView.swift */; };
		43915CA92276854900562B5A /* ItemInfoRatingView.swift in Sources */ = {isa = PBXBuildFile; fileRef = 43915CA82276854900562B5A /* ItemInfoRatingView.swift */; };
		43915CAB2276A02B00562B5A /* UICollectionViewExt.swift in Sources */ = {isa = PBXBuildFile; fileRef = 43915CAA2276A02B00562B5A /* UICollectionViewExt.swift */; };
		43915CAD2276AF5900562B5A /* ItemGooglePhotoCollectionViewCell.swift in Sources */ = {isa = PBXBuildFile; fileRef = 43915CAC2276AF5900562B5A /* ItemGooglePhotoCollectionViewCell.swift */; };
		439FDDDD2245C21700ED9343 /* StringExt.swift in Sources */ = {isa = PBXBuildFile; fileRef = 439FDDDC2245C21700ED9343 /* StringExt.swift */; };
		439FDDE02245D1FC00ED9343 /* ListViewController.swift in Sources */ = {isa = PBXBuildFile; fileRef = 439FDDDF2245D1FC00ED9343 /* ListViewController.swift */; };
		439FDDE22245D2DE00ED9343 /* EntryTableViewCell.swift in Sources */ = {isa = PBXBuildFile; fileRef = 439FDDE12245D2DE00ED9343 /* EntryTableViewCell.swift */; };
		439FDDE42245FACF00ED9343 /* ListTableHeaderView.swift in Sources */ = {isa = PBXBuildFile; fileRef = 439FDDE32245FACF00ED9343 /* ListTableHeaderView.swift */; };
		439FDDE62245FB1600ED9343 /* ListTableSectionHeaderView.swift in Sources */ = {isa = PBXBuildFile; fileRef = 439FDDE52245FB1600ED9343 /* ListTableSectionHeaderView.swift */; };
		43A69B2E2254FDC100DA2BA1 /* ContextualItems.swift in Sources */ = {isa = PBXBuildFile; fileRef = 43A69B2D2254FDC100DA2BA1 /* ContextualItems.swift */; };
		43AFB448223DC3E000B243E1 /* User.swift in Sources */ = {isa = PBXBuildFile; fileRef = 43AFB447223DC3E000B243E1 /* User.swift */; };
		43AFB44A223DD00500B243E1 /* Storage.swift in Sources */ = {isa = PBXBuildFile; fileRef = 43AFB449223DD00500B243E1 /* Storage.swift */; };
		43AFB44D223DE8F500B243E1 /* ProfileTableHeaderView.swift in Sources */ = {isa = PBXBuildFile; fileRef = 43AFB44C223DE8F500B243E1 /* ProfileTableHeaderView.swift */; };
		43AFB44F223EE47100B243E1 /* CGRectExt.swift in Sources */ = {isa = PBXBuildFile; fileRef = 43AFB44E223EE47100B243E1 /* CGRectExt.swift */; };
		43AFB451223EE6D100B243E1 /* EditProfileViewController.swift in Sources */ = {isa = PBXBuildFile; fileRef = 43AFB450223EE6D100B243E1 /* EditProfileViewController.swift */; };
		43AFEFCF22641F850022A854 /* UIImageExt.swift in Sources */ = {isa = PBXBuildFile; fileRef = 43AFEFCE22641F850022A854 /* UIImageExt.swift */; };
		43B26BB7223A065600CA2549 /* DiscoverViewController.swift in Sources */ = {isa = PBXBuildFile; fileRef = 43B26BB6223A065600CA2549 /* DiscoverViewController.swift */; };
		43B26BB9223A085900CA2549 /* ProfileViewController.swift in Sources */ = {isa = PBXBuildFile; fileRef = 43B26BB8223A085900CA2549 /* ProfileViewController.swift */; };
		43BD5689224C9039009D0AC8 /* SelectListViewController.swift in Sources */ = {isa = PBXBuildFile; fileRef = 43BD5688224C9039009D0AC8 /* SelectListViewController.swift */; };
		43BD568B224C91B0009D0AC8 /* SelectListTableViewCell.swift in Sources */ = {isa = PBXBuildFile; fileRef = 43BD568A224C91B0009D0AC8 /* SelectListTableViewCell.swift */; };
		43BEA2FA2268E13C001F930E /* TopLists.swift in Sources */ = {isa = PBXBuildFile; fileRef = 43BEA2F92268E13C001F930E /* TopLists.swift */; };
		43BEA2FD226B84DA001F930E /* DiscoverUserListTableViewCell.swift in Sources */ = {isa = PBXBuildFile; fileRef = 43BEA2FC226B84DA001F930E /* DiscoverUserListTableViewCell.swift */; };
		43BF88112243E10E0096CCA1 /* DictionaryExt.swift in Sources */ = {isa = PBXBuildFile; fileRef = 43BF88102243E10E0096CCA1 /* DictionaryExt.swift */; };
		43BF881322447BB80096CCA1 /* CreateListViewController.swift in Sources */ = {isa = PBXBuildFile; fileRef = 43BF881222447BB80096CCA1 /* CreateListViewController.swift */; };
		43BF881522449EFB0096CCA1 /* DividerView.swift in Sources */ = {isa = PBXBuildFile; fileRef = 43BF881422449EFB0096CCA1 /* DividerView.swift */; };
		DE2303A16BE2436E59DAE2A9 /* Pods_Fave.framework in Frameworks */ = {isa = PBXBuildFile; fileRef = 959568249CF04E72C443846A /* Pods_Fave.framework */; };
/* End PBXBuildFile section */

/* Begin PBXContainerItemProxy section */
		438534CC223336BB00B99EC7 /* PBXContainerItemProxy */ = {
			isa = PBXContainerItemProxy;
			containerPortal = 438534AF223336BA00B99EC7 /* Project object */;
			proxyType = 1;
			remoteGlobalIDString = 438534B6223336BA00B99EC7;
			remoteInfo = Fave;
		};
		438534D7223336BB00B99EC7 /* PBXContainerItemProxy */ = {
			isa = PBXContainerItemProxy;
			containerPortal = 438534AF223336BA00B99EC7 /* Project object */;
			proxyType = 1;
			remoteGlobalIDString = 438534B6223336BA00B99EC7;
			remoteInfo = Fave;
		};
/* End PBXContainerItemProxy section */

/* Begin PBXFileReference section */
		4305F372224007C500F6DE77 /* List.swift */ = {isa = PBXFileReference; lastKnownFileType = sourcecode.swift; path = List.swift; sourceTree = "<group>"; };
		4305F3742240087800F6DE77 /* Item.swift */ = {isa = PBXFileReference; lastKnownFileType = sourcecode.swift; path = Item.swift; sourceTree = "<group>"; };
		4305F37622400A3500F6DE77 /* ListTableViewCell.swift */ = {isa = PBXFileReference; lastKnownFileType = sourcecode.swift; path = ListTableViewCell.swift; sourceTree = "<group>"; };
		430D8D2D224DEBA20082FCF2 /* FeedEvent.swift */ = {isa = PBXFileReference; lastKnownFileType = sourcecode.swift; path = FeedEvent.swift; sourceTree = "<group>"; };
		430D8D2F224DF1730082FCF2 /* Friend.swift */ = {isa = PBXFileReference; lastKnownFileType = sourcecode.swift; path = Friend.swift; sourceTree = "<group>"; };
		4317656F223B644700C1963E /* Authenticator.swift */ = {isa = PBXFileReference; lastKnownFileType = sourcecode.swift; path = Authenticator.swift; sourceTree = "<group>"; };
		431A0DD9228DCBCA00F2E6BD /* FeedEventTableViewCell.swift */ = {isa = PBXFileReference; lastKnownFileType = sourcecode.swift; path = FeedEventTableViewCell.swift; sourceTree = "<group>"; };
		431A0DDB228DCC7300F2E6BD /* EventItemView.swift */ = {isa = PBXFileReference; lastKnownFileType = sourcecode.swift; path = EventItemView.swift; sourceTree = "<group>"; };
		431CAF3D2240A08700F50FC8 /* NSAttributedStringExt.swift */ = {isa = PBXFileReference; lastKnownFileType = sourcecode.swift; path = NSAttributedStringExt.swift; sourceTree = "<group>"; };
		431DF89E2249EDA500717312 /* CreateItemViewController.swift */ = {isa = PBXFileReference; lastKnownFileType = sourcecode.swift; path = CreateItemViewController.swift; sourceTree = "<group>"; };
		431DF8A12249FF7600717312 /* UIGestureRecognizerExt.swift */ = {isa = PBXFileReference; lastKnownFileType = sourcecode.swift; path = UIGestureRecognizerExt.swift; sourceTree = "<group>"; };
		4342708C226ECAA00079AB22 /* ResultsTableViewController.swift */ = {isa = PBXFileReference; lastKnownFileType = sourcecode.swift; path = ResultsTableViewController.swift; sourceTree = "<group>"; };
		4342708E226EE00F0079AB22 /* UserSearchTableViewCell.swift */ = {isa = PBXFileReference; lastKnownFileType = sourcecode.swift; path = UserSearchTableViewCell.swift; sourceTree = "<group>"; };
		43503BD7226BE449001BE92E /* ListFilterSegmentedControl.swift */ = {isa = PBXFileReference; lastKnownFileType = sourcecode.swift; path = ListFilterSegmentedControl.swift; sourceTree = "<group>"; };
		43503BD9226D2262001BE92E /* FaveAttributedLabel.swift */ = {isa = PBXFileReference; lastKnownFileType = sourcecode.swift; path = FaveAttributedLabel.swift; sourceTree = "<group>"; };
		4369CF4422583E7300FCA156 /* Haptic.swift */ = {isa = PBXFileReference; lastKnownFileType = sourcecode.swift; path = Haptic.swift; sourceTree = "<group>"; };
		4369CF462258409D00FCA156 /* UIViewExt.swift */ = {isa = PBXFileReference; lastKnownFileType = sourcecode.swift; path = UIViewExt.swift; sourceTree = "<group>"; };
		4369CF48225982F900FCA156 /* ItemViewController.swift */ = {isa = PBXFileReference; lastKnownFileType = sourcecode.swift; path = ItemViewController.swift; sourceTree = "<group>"; };
		4369CF4A2259884C00FCA156 /* ItemTableHeaderView.swift */ = {isa = PBXFileReference; lastKnownFileType = sourcecode.swift; path = ItemTableHeaderView.swift; sourceTree = "<group>"; };
		4369CF4C22598C1400FCA156 /* ItemInfoTableViewCell.swift */ = {isa = PBXFileReference; lastKnownFileType = sourcecode.swift; path = ItemInfoTableViewCell.swift; sourceTree = "<group>"; };
		4376A9EA225A509400741F92 /* ItemMapTableViewCell.swift */ = {isa = PBXFileReference; lastKnownFileType = sourcecode.swift; path = ItemMapTableViewCell.swift; sourceTree = "<group>"; };
		4376A9EC225A509C00741F92 /* ItemPhotosTableViewCell.swift */ = {isa = PBXFileReference; lastKnownFileType = sourcecode.swift; path = ItemPhotosTableViewCell.swift; sourceTree = "<group>"; };
		4376A9EE225A517900741F92 /* ItemListSuggestionsTableViewCell.swift */ = {isa = PBXFileReference; lastKnownFileType = sourcecode.swift; path = ItemListSuggestionsTableViewCell.swift; sourceTree = "<group>"; };
		4382488F227B50E800257D27 /* MyListsViewController.swift */ = {isa = PBXFileReference; lastKnownFileType = sourcecode.swift; path = MyListsViewController.swift; sourceTree = "<group>"; };
		43824891227C069900257D27 /* AutosizingTableView.swift */ = {isa = PBXFileReference; lastKnownFileType = sourcecode.swift; path = AutosizingTableView.swift; sourceTree = "<group>"; };
		438534B7223336BA00B99EC7 /* Fave.app */ = {isa = PBXFileReference; explicitFileType = wrapper.application; includeInIndex = 0; path = Fave.app; sourceTree = BUILT_PRODUCTS_DIR; };
		438534BA223336BA00B99EC7 /* AppDelegate.swift */ = {isa = PBXFileReference; lastKnownFileType = sourcecode.swift; path = AppDelegate.swift; sourceTree = "<group>"; };
		438534BC223336BA00B99EC7 /* FeedViewController.swift */ = {isa = PBXFileReference; lastKnownFileType = sourcecode.swift; path = FeedViewController.swift; sourceTree = "<group>"; };
		438534C1223336BB00B99EC7 /* Assets.xcassets */ = {isa = PBXFileReference; lastKnownFileType = folder.assetcatalog; path = Assets.xcassets; sourceTree = "<group>"; };
		438534C4223336BB00B99EC7 /* Base */ = {isa = PBXFileReference; lastKnownFileType = file.storyboard; name = Base; path = Base.lproj/LaunchScreen.storyboard; sourceTree = "<group>"; };
		438534C6223336BB00B99EC7 /* Info.plist */ = {isa = PBXFileReference; lastKnownFileType = text.plist.xml; path = Info.plist; sourceTree = "<group>"; };
		438534CB223336BB00B99EC7 /* FaveTests.xctest */ = {isa = PBXFileReference; explicitFileType = wrapper.cfbundle; includeInIndex = 0; path = FaveTests.xctest; sourceTree = BUILT_PRODUCTS_DIR; };
		438534CF223336BB00B99EC7 /* FaveTests.swift */ = {isa = PBXFileReference; lastKnownFileType = sourcecode.swift; path = FaveTests.swift; sourceTree = "<group>"; };
		438534D1223336BB00B99EC7 /* Info.plist */ = {isa = PBXFileReference; lastKnownFileType = text.plist.xml; path = Info.plist; sourceTree = "<group>"; };
		438534D6223336BB00B99EC7 /* FaveUITests.xctest */ = {isa = PBXFileReference; explicitFileType = wrapper.cfbundle; includeInIndex = 0; path = FaveUITests.xctest; sourceTree = BUILT_PRODUCTS_DIR; };
		438534DA223336BB00B99EC7 /* FaveUITests.swift */ = {isa = PBXFileReference; lastKnownFileType = sourcecode.swift; path = FaveUITests.swift; sourceTree = "<group>"; };
		438534DC223336BB00B99EC7 /* Info.plist */ = {isa = PBXFileReference; lastKnownFileType = text.plist.xml; path = Info.plist; sourceTree = "<group>"; };
		438534E92233386100B99EC7 /* CartographyExt.swift */ = {isa = PBXFileReference; lastKnownFileType = sourcecode.swift; path = CartographyExt.swift; sourceTree = "<group>"; };
		438534EB2233388900B99EC7 /* SaveCollections.swift */ = {isa = PBXFileReference; lastKnownFileType = sourcecode.swift; path = SaveCollections.swift; sourceTree = "<group>"; };
		438534ED223338AD00B99EC7 /* UITableViewExtensions.swift */ = {isa = PBXFileReference; lastKnownFileType = sourcecode.swift; path = UITableViewExtensions.swift; sourceTree = "<group>"; };
		438534EF223338C600B99EC7 /* IntExtensions.swift */ = {isa = PBXFileReference; lastKnownFileType = sourcecode.swift; path = IntExtensions.swift; sourceTree = "<group>"; };
		438534F1223338E700B99EC7 /* FaveColors.swift */ = {isa = PBXFileReference; lastKnownFileType = sourcecode.swift; path = FaveColors.swift; sourceTree = "<group>"; };
		438534F42233391500B99EC7 /* Color.swift */ = {isa = PBXFileReference; lastKnownFileType = sourcecode.swift; path = Color.swift; sourceTree = "<group>"; };
		438534F92233397E00B99EC7 /* FaveVC.swift */ = {isa = PBXFileReference; lastKnownFileType = sourcecode.swift; path = FaveVC.swift; sourceTree = "<group>"; };
		438534FB223339B200B99EC7 /* AnalyticsEvents.swift */ = {isa = PBXFileReference; lastKnownFileType = sourcecode.swift; path = AnalyticsEvents.swift; sourceTree = "<group>"; };
		438534FD223339D500B99EC7 /* Analytics.swift */ = {isa = PBXFileReference; lastKnownFileType = sourcecode.swift; path = Analytics.swift; sourceTree = "<group>"; };
		438534FF22333A0700B99EC7 /* AppConfiguration.swift */ = {isa = PBXFileReference; lastKnownFileType = sourcecode.swift; path = AppConfiguration.swift; sourceTree = "<group>"; };
		4385350122333A1E00B99EC7 /* DependencyGraph.swift */ = {isa = PBXFileReference; lastKnownFileType = sourcecode.swift; path = DependencyGraph.swift; sourceTree = "<group>"; };
		4385350422333AA700B99EC7 /* Networking.swift */ = {isa = PBXFileReference; lastKnownFileType = sourcecode.swift; path = Networking.swift; sourceTree = "<group>"; };
		4385350622333AFF00B99EC7 /* FaveService.swift */ = {isa = PBXFileReference; lastKnownFileType = sourcecode.swift; path = FaveService.swift; sourceTree = "<group>"; };
		4385350822333B3D00B99EC7 /* AnalyticsService.swift */ = {isa = PBXFileReference; lastKnownFileType = sourcecode.swift; path = AnalyticsService.swift; sourceTree = "<group>"; };
		4385350A22333B8200B99EC7 /* FaveEndpoint.swift */ = {isa = PBXFileReference; lastKnownFileType = sourcecode.swift; path = FaveEndpoint.swift; sourceTree = "<group>"; };
		4386BFDF22334760006A3ED7 /* LoggedOutViewController.swift */ = {isa = PBXFileReference; lastKnownFileType = sourcecode.swift; path = LoggedOutViewController.swift; sourceTree = "<group>"; };
		4386BFE2223351DF006A3ED7 /* Utility.swift */ = {isa = PBXFileReference; lastKnownFileType = sourcecode.swift; path = Utility.swift; sourceTree = "<group>"; };
		4386BFE422335777006A3ED7 /* FaveFont.swift */ = {isa = PBXFileReference; lastKnownFileType = sourcecode.swift; path = FaveFont.swift; sourceTree = "<group>"; };
		4386BFE7223359B0006A3ED7 /* ProximaNova-Regular.otf */ = {isa = PBXFileReference; lastKnownFileType = file; path = "ProximaNova-Regular.otf"; sourceTree = "<group>"; };
		4386BFE8223359B1006A3ED7 /* ProximaNova-Semibold.otf */ = {isa = PBXFileReference; lastKnownFileType = file; path = "ProximaNova-Semibold.otf"; sourceTree = "<group>"; };
		4386BFE9223359B1006A3ED7 /* ProximaNova-Extrabld.otf */ = {isa = PBXFileReference; lastKnownFileType = file; path = "ProximaNova-Extrabld.otf"; sourceTree = "<group>"; };
		4386BFEA223359B1006A3ED7 /* ProximaNova-Light.otf */ = {isa = PBXFileReference; lastKnownFileType = file; path = "ProximaNova-Light.otf"; sourceTree = "<group>"; };
		4386BFEB223359B1006A3ED7 /* ProximaNova-Bold.otf */ = {isa = PBXFileReference; lastKnownFileType = file; path = "ProximaNova-Bold.otf"; sourceTree = "<group>"; };
		4386BFF122335F43006A3ED7 /* Label.swift */ = {isa = PBXFileReference; lastKnownFileType = sourcecode.swift; path = Label.swift; sourceTree = "<group>"; };
		4386BFF322335FA8006A3ED7 /* Shimmer.swift */ = {isa = PBXFileReference; lastKnownFileType = sourcecode.swift; path = Shimmer.swift; sourceTree = "<group>"; };
		43915CA62272C7D400562B5A /* DiscoverUserSectionHeaderView.swift */ = {isa = PBXFileReference; lastKnownFileType = sourcecode.swift; path = DiscoverUserSectionHeaderView.swift; sourceTree = "<group>"; };
		43915CA82276854900562B5A /* ItemInfoRatingView.swift */ = {isa = PBXFileReference; lastKnownFileType = sourcecode.swift; path = ItemInfoRatingView.swift; sourceTree = "<group>"; };
		43915CAA2276A02B00562B5A /* UICollectionViewExt.swift */ = {isa = PBXFileReference; lastKnownFileType = sourcecode.swift; path = UICollectionViewExt.swift; sourceTree = "<group>"; };
		43915CAC2276AF5900562B5A /* ItemGooglePhotoCollectionViewCell.swift */ = {isa = PBXFileReference; lastKnownFileType = sourcecode.swift; path = ItemGooglePhotoCollectionViewCell.swift; sourceTree = "<group>"; };
		439FDDDC2245C21700ED9343 /* StringExt.swift */ = {isa = PBXFileReference; lastKnownFileType = sourcecode.swift; path = StringExt.swift; sourceTree = "<group>"; };
		439FDDDF2245D1FC00ED9343 /* ListViewController.swift */ = {isa = PBXFileReference; lastKnownFileType = sourcecode.swift; path = ListViewController.swift; sourceTree = "<group>"; };
		439FDDE12245D2DE00ED9343 /* EntryTableViewCell.swift */ = {isa = PBXFileReference; lastKnownFileType = sourcecode.swift; path = EntryTableViewCell.swift; sourceTree = "<group>"; };
		439FDDE32245FACF00ED9343 /* ListTableHeaderView.swift */ = {isa = PBXFileReference; lastKnownFileType = sourcecode.swift; path = ListTableHeaderView.swift; sourceTree = "<group>"; };
		439FDDE52245FB1600ED9343 /* ListTableSectionHeaderView.swift */ = {isa = PBXFileReference; lastKnownFileType = sourcecode.swift; path = ListTableSectionHeaderView.swift; sourceTree = "<group>"; };
		43A69B2D2254FDC100DA2BA1 /* ContextualItems.swift */ = {isa = PBXFileReference; lastKnownFileType = sourcecode.swift; path = ContextualItems.swift; sourceTree = "<group>"; };
		43AFB445223D9E3B00B243E1 /* Rswift.framework */ = {isa = PBXFileReference; explicitFileType = wrapper.framework; path = Rswift.framework; sourceTree = BUILT_PRODUCTS_DIR; };
		43AFB447223DC3E000B243E1 /* User.swift */ = {isa = PBXFileReference; lastKnownFileType = sourcecode.swift; path = User.swift; sourceTree = "<group>"; };
		43AFB449223DD00500B243E1 /* Storage.swift */ = {isa = PBXFileReference; lastKnownFileType = sourcecode.swift; path = Storage.swift; sourceTree = "<group>"; };
		43AFB44C223DE8F500B243E1 /* ProfileTableHeaderView.swift */ = {isa = PBXFileReference; lastKnownFileType = sourcecode.swift; path = ProfileTableHeaderView.swift; sourceTree = "<group>"; };
		43AFB44E223EE47100B243E1 /* CGRectExt.swift */ = {isa = PBXFileReference; lastKnownFileType = sourcecode.swift; path = CGRectExt.swift; sourceTree = "<group>"; };
		43AFB450223EE6D100B243E1 /* EditProfileViewController.swift */ = {isa = PBXFileReference; lastKnownFileType = sourcecode.swift; path = EditProfileViewController.swift; sourceTree = "<group>"; };
		43AFEFCE22641F850022A854 /* UIImageExt.swift */ = {isa = PBXFileReference; lastKnownFileType = sourcecode.swift; path = UIImageExt.swift; sourceTree = "<group>"; };
		43B26BB6223A065600CA2549 /* DiscoverViewController.swift */ = {isa = PBXFileReference; lastKnownFileType = sourcecode.swift; path = DiscoverViewController.swift; sourceTree = "<group>"; };
		43B26BB8223A085900CA2549 /* ProfileViewController.swift */ = {isa = PBXFileReference; lastKnownFileType = sourcecode.swift; path = ProfileViewController.swift; sourceTree = "<group>"; };
		43BD5688224C9039009D0AC8 /* SelectListViewController.swift */ = {isa = PBXFileReference; lastKnownFileType = sourcecode.swift; path = SelectListViewController.swift; sourceTree = "<group>"; };
		43BD568A224C91B0009D0AC8 /* SelectListTableViewCell.swift */ = {isa = PBXFileReference; lastKnownFileType = sourcecode.swift; path = SelectListTableViewCell.swift; sourceTree = "<group>"; };
		43BEA2F92268E13C001F930E /* TopLists.swift */ = {isa = PBXFileReference; lastKnownFileType = sourcecode.swift; path = TopLists.swift; sourceTree = "<group>"; };
		43BEA2FC226B84DA001F930E /* DiscoverUserListTableViewCell.swift */ = {isa = PBXFileReference; lastKnownFileType = sourcecode.swift; path = DiscoverUserListTableViewCell.swift; sourceTree = "<group>"; };
		43BF88102243E10E0096CCA1 /* DictionaryExt.swift */ = {isa = PBXFileReference; lastKnownFileType = sourcecode.swift; path = DictionaryExt.swift; sourceTree = "<group>"; };
		43BF881222447BB80096CCA1 /* CreateListViewController.swift */ = {isa = PBXFileReference; lastKnownFileType = sourcecode.swift; path = CreateListViewController.swift; sourceTree = "<group>"; };
		43BF881422449EFB0096CCA1 /* DividerView.swift */ = {isa = PBXFileReference; lastKnownFileType = sourcecode.swift; path = DividerView.swift; sourceTree = "<group>"; };
		6404CA777F7C8002A35EDFED /* Pods-Fave.release.xcconfig */ = {isa = PBXFileReference; includeInIndex = 1; lastKnownFileType = text.xcconfig; name = "Pods-Fave.release.xcconfig"; path = "Target Support Files/Pods-Fave/Pods-Fave.release.xcconfig"; sourceTree = "<group>"; };
		7D008E896F0A760160472C00 /* Pods-Fave.albert.xcconfig */ = {isa = PBXFileReference; includeInIndex = 1; lastKnownFileType = text.xcconfig; name = "Pods-Fave.albert.xcconfig"; path = "Target Support Files/Pods-Fave/Pods-Fave.albert.xcconfig"; sourceTree = "<group>"; };
		959568249CF04E72C443846A /* Pods_Fave.framework */ = {isa = PBXFileReference; explicitFileType = wrapper.framework; includeInIndex = 0; path = Pods_Fave.framework; sourceTree = BUILT_PRODUCTS_DIR; };
		BA1DE3DC9DEAE3E5142BACE2 /* Pods-Fave.local.xcconfig */ = {isa = PBXFileReference; includeInIndex = 1; lastKnownFileType = text.xcconfig; name = "Pods-Fave.local.xcconfig"; path = "Target Support Files/Pods-Fave/Pods-Fave.local.xcconfig"; sourceTree = "<group>"; };
		E6524283E9D99B9E13E7AA21 /* Pods-Fave.albert's machine.xcconfig */ = {isa = PBXFileReference; includeInIndex = 1; lastKnownFileType = text.xcconfig; name = "Pods-Fave.albert's machine.xcconfig"; path = "Target Support Files/Pods-Fave/Pods-Fave.albert's machine.xcconfig"; sourceTree = "<group>"; };
		E94497C4FBECD7E8881FDC90 /* Pods-Fave.debug.xcconfig */ = {isa = PBXFileReference; includeInIndex = 1; lastKnownFileType = text.xcconfig; name = "Pods-Fave.debug.xcconfig"; path = "Target Support Files/Pods-Fave/Pods-Fave.debug.xcconfig"; sourceTree = "<group>"; };
		FFD3F099BC82A39E79CAD483 /* Pods-Fave.app store.xcconfig */ = {isa = PBXFileReference; includeInIndex = 1; lastKnownFileType = text.xcconfig; name = "Pods-Fave.app store.xcconfig"; path = "Target Support Files/Pods-Fave/Pods-Fave.app store.xcconfig"; sourceTree = "<group>"; };
/* End PBXFileReference section */

/* Begin PBXFrameworksBuildPhase section */
		438534B4223336BA00B99EC7 /* Frameworks */ = {
			isa = PBXFrameworksBuildPhase;
			buildActionMask = 2147483647;
			files = (
				DE2303A16BE2436E59DAE2A9 /* Pods_Fave.framework in Frameworks */,
			);
			runOnlyForDeploymentPostprocessing = 0;
		};
		438534C8223336BB00B99EC7 /* Frameworks */ = {
			isa = PBXFrameworksBuildPhase;
			buildActionMask = 2147483647;
			files = (
			);
			runOnlyForDeploymentPostprocessing = 0;
		};
		438534D3223336BB00B99EC7 /* Frameworks */ = {
			isa = PBXFrameworksBuildPhase;
			buildActionMask = 2147483647;
			files = (
			);
			runOnlyForDeploymentPostprocessing = 0;
		};
/* End PBXFrameworksBuildPhase section */

/* Begin PBXGroup section */
		431A0DD8228DBF6200F2E6BD /* Feed */ = {
			isa = PBXGroup;
			children = (
				438534BC223336BA00B99EC7 /* FeedViewController.swift */,
				431A0DD9228DCBCA00F2E6BD /* FeedEventTableViewCell.swift */,
			);
			path = Feed;
			sourceTree = "<group>";
		};
		431DF8A02249EFFC00717312 /* Item */ = {
			isa = PBXGroup;
			children = (
				431DF89E2249EDA500717312 /* CreateItemViewController.swift */,
				4369CF48225982F900FCA156 /* ItemViewController.swift */,
				4369CF4A2259884C00FCA156 /* ItemTableHeaderView.swift */,
				4369CF4C22598C1400FCA156 /* ItemInfoTableViewCell.swift */,
				4376A9EA225A509400741F92 /* ItemMapTableViewCell.swift */,
				4376A9EC225A509C00741F92 /* ItemPhotosTableViewCell.swift */,
				4376A9EE225A517900741F92 /* ItemListSuggestionsTableViewCell.swift */,
				43915CA82276854900562B5A /* ItemInfoRatingView.swift */,
				43915CAC2276AF5900562B5A /* ItemGooglePhotoCollectionViewCell.swift */,
			);
			path = Item;
			sourceTree = "<group>";
		};
		4382488E227B50DA00257D27 /* Fave Item */ = {
			isa = PBXGroup;
			children = (
				4382488F227B50E800257D27 /* MyListsViewController.swift */,
			);
			path = "Fave Item";
			sourceTree = "<group>";
		};
		438534AE223336BA00B99EC7 = {
			isa = PBXGroup;
			children = (
				438534B9223336BA00B99EC7 /* Fave */,
				438534CE223336BB00B99EC7 /* FaveTests */,
				438534D9223336BB00B99EC7 /* FaveUITests */,
				438534B8223336BA00B99EC7 /* Products */,
				B1C139997BE476638080E0E2 /* Pods */,
				D7B8550E82BC98D37A3F55BF /* Frameworks */,
			);
			sourceTree = "<group>";
		};
		438534B8223336BA00B99EC7 /* Products */ = {
			isa = PBXGroup;
			children = (
				438534B7223336BA00B99EC7 /* Fave.app */,
				438534CB223336BB00B99EC7 /* FaveTests.xctest */,
				438534D6223336BB00B99EC7 /* FaveUITests.xctest */,
			);
			name = Products;
			sourceTree = "<group>";
		};
		438534B9223336BA00B99EC7 /* Fave */ = {
			isa = PBXGroup;
			children = (
				4386BFE1223350EA006A3ED7 /* Utility */,
				4386BFDD223340C3006A3ED7 /* Features */,
				4385350322333A9C00B99EC7 /* Networking */,
				438534F82233396E00B99EC7 /* Analytics */,
				438534F72233396A00B99EC7 /* Models */,
				438534F62233396500B99EC7 /* Storage */,
				438534F32233390900B99EC7 /* UI */,
				438534E82233384C00B99EC7 /* Extensions */,
				4386BFDE223340CC006A3ED7 /* Assets */,
				438534BA223336BA00B99EC7 /* AppDelegate.swift */,
				438534FF22333A0700B99EC7 /* AppConfiguration.swift */,
				4385350122333A1E00B99EC7 /* DependencyGraph.swift */,
				438534C3223336BB00B99EC7 /* LaunchScreen.storyboard */,
				438534C6223336BB00B99EC7 /* Info.plist */,
			);
			path = Fave;
			sourceTree = "<group>";
		};
		438534CE223336BB00B99EC7 /* FaveTests */ = {
			isa = PBXGroup;
			children = (
				438534CF223336BB00B99EC7 /* FaveTests.swift */,
				438534D1223336BB00B99EC7 /* Info.plist */,
			);
			path = FaveTests;
			sourceTree = "<group>";
		};
		438534D9223336BB00B99EC7 /* FaveUITests */ = {
			isa = PBXGroup;
			children = (
				438534DA223336BB00B99EC7 /* FaveUITests.swift */,
				438534DC223336BB00B99EC7 /* Info.plist */,
			);
			path = FaveUITests;
			sourceTree = "<group>";
		};
		438534E82233384C00B99EC7 /* Extensions */ = {
			isa = PBXGroup;
			children = (
				438534E92233386100B99EC7 /* CartographyExt.swift */,
				438534EB2233388900B99EC7 /* SaveCollections.swift */,
				438534ED223338AD00B99EC7 /* UITableViewExtensions.swift */,
				438534EF223338C600B99EC7 /* IntExtensions.swift */,
				438534F1223338E700B99EC7 /* FaveColors.swift */,
				43AFB44E223EE47100B243E1 /* CGRectExt.swift */,
				431CAF3D2240A08700F50FC8 /* NSAttributedStringExt.swift */,
				43BF88102243E10E0096CCA1 /* DictionaryExt.swift */,
				439FDDDC2245C21700ED9343 /* StringExt.swift */,
				431DF8A12249FF7600717312 /* UIGestureRecognizerExt.swift */,
				4369CF462258409D00FCA156 /* UIViewExt.swift */,
				43AFEFCE22641F850022A854 /* UIImageExt.swift */,
				43915CAA2276A02B00562B5A /* UICollectionViewExt.swift */,
			);
			path = Extensions;
			sourceTree = "<group>";
		};
		438534F32233390900B99EC7 /* UI */ = {
			isa = PBXGroup;
			children = (
				438534F42233391500B99EC7 /* Color.swift */,
				438534F92233397E00B99EC7 /* FaveVC.swift */,
				4386BFF122335F43006A3ED7 /* Label.swift */,
				43BF881422449EFB0096CCA1 /* DividerView.swift */,
				43503BD9226D2262001BE92E /* FaveAttributedLabel.swift */,
				43824891227C069900257D27 /* AutosizingTableView.swift */,
				431A0DDB228DCC7300F2E6BD /* EventItemView.swift */,
			);
			path = UI;
			sourceTree = "<group>";
		};
		438534F62233396500B99EC7 /* Storage */ = {
			isa = PBXGroup;
			children = (
				43AFB449223DD00500B243E1 /* Storage.swift */,
			);
			path = Storage;
			sourceTree = "<group>";
		};
		438534F72233396A00B99EC7 /* Models */ = {
			isa = PBXGroup;
			children = (
				43AFB447223DC3E000B243E1 /* User.swift */,
				4305F372224007C500F6DE77 /* List.swift */,
				4305F3742240087800F6DE77 /* Item.swift */,
				430D8D2D224DEBA20082FCF2 /* FeedEvent.swift */,
				430D8D2F224DF1730082FCF2 /* Friend.swift */,
				43A69B2D2254FDC100DA2BA1 /* ContextualItems.swift */,
				43BEA2F92268E13C001F930E /* TopLists.swift */,
			);
			path = Models;
			sourceTree = "<group>";
		};
		438534F82233396E00B99EC7 /* Analytics */ = {
			isa = PBXGroup;
			children = (
				438534FB223339B200B99EC7 /* AnalyticsEvents.swift */,
				438534FD223339D500B99EC7 /* Analytics.swift */,
			);
			path = Analytics;
			sourceTree = "<group>";
		};
		4385350322333A9C00B99EC7 /* Networking */ = {
			isa = PBXGroup;
			children = (
				4385350422333AA700B99EC7 /* Networking.swift */,
				4385350622333AFF00B99EC7 /* FaveService.swift */,
				4385350822333B3D00B99EC7 /* AnalyticsService.swift */,
				4385350A22333B8200B99EC7 /* FaveEndpoint.swift */,
			);
			path = Networking;
			sourceTree = "<group>";
		};
		4386BFDD223340C3006A3ED7 /* Features */ = {
			isa = PBXGroup;
			children = (
				4382488E227B50DA00257D27 /* Fave Item */,
				431DF8A02249EFFC00717312 /* Item */,
				439FDDDE2245D1E100ED9343 /* List */,
				43AFB44B223DE8E100B243E1 /* Profile */,
				431A0DD8228DBF6200F2E6BD /* Feed */,
				4386BFDF22334760006A3ED7 /* LoggedOutViewController.swift */,
				43BEA2FB226B84B5001F930E /* Discover */,
			);
			path = Features;
			sourceTree = "<group>";
		};
		4386BFDE223340CC006A3ED7 /* Assets */ = {
			isa = PBXGroup;
			children = (
				4386BFE62233595D006A3ED7 /* Proxima Nova */,
				438534C1223336BB00B99EC7 /* Assets.xcassets */,
			);
			path = Assets;
			sourceTree = "<group>";
		};
		4386BFE1223350EA006A3ED7 /* Utility */ = {
			isa = PBXGroup;
			children = (
				4386BFE2223351DF006A3ED7 /* Utility.swift */,
				4386BFE422335777006A3ED7 /* FaveFont.swift */,
				4386BFF322335FA8006A3ED7 /* Shimmer.swift */,
				4317656F223B644700C1963E /* Authenticator.swift */,
				4369CF4422583E7300FCA156 /* Haptic.swift */,
			);
			path = Utility;
			sourceTree = "<group>";
		};
		4386BFE62233595D006A3ED7 /* Proxima Nova */ = {
			isa = PBXGroup;
			children = (
				4386BFEB223359B1006A3ED7 /* ProximaNova-Bold.otf */,
				4386BFE9223359B1006A3ED7 /* ProximaNova-Extrabld.otf */,
				4386BFEA223359B1006A3ED7 /* ProximaNova-Light.otf */,
				4386BFE7223359B0006A3ED7 /* ProximaNova-Regular.otf */,
				4386BFE8223359B1006A3ED7 /* ProximaNova-Semibold.otf */,
			);
			path = "Proxima Nova";
			sourceTree = "<group>";
		};
		439FDDDE2245D1E100ED9343 /* List */ = {
			isa = PBXGroup;
			children = (
				439FDDDF2245D1FC00ED9343 /* ListViewController.swift */,
				439FDDE12245D2DE00ED9343 /* EntryTableViewCell.swift */,
				439FDDE32245FACF00ED9343 /* ListTableHeaderView.swift */,
				439FDDE52245FB1600ED9343 /* ListTableSectionHeaderView.swift */,
				43BF881222447BB80096CCA1 /* CreateListViewController.swift */,
				43BD5688224C9039009D0AC8 /* SelectListViewController.swift */,
				43BD568A224C91B0009D0AC8 /* SelectListTableViewCell.swift */,
				43503BD7226BE449001BE92E /* ListFilterSegmentedControl.swift */,
			);
			path = List;
			sourceTree = "<group>";
		};
		43AFB44B223DE8E100B243E1 /* Profile */ = {
			isa = PBXGroup;
			children = (
				43B26BB8223A085900CA2549 /* ProfileViewController.swift */,
				43AFB44C223DE8F500B243E1 /* ProfileTableHeaderView.swift */,
				43AFB450223EE6D100B243E1 /* EditProfileViewController.swift */,
				4305F37622400A3500F6DE77 /* ListTableViewCell.swift */,
			);
			path = Profile;
			sourceTree = "<group>";
		};
		43BEA2FB226B84B5001F930E /* Discover */ = {
			isa = PBXGroup;
			children = (
				43B26BB6223A065600CA2549 /* DiscoverViewController.swift */,
				43BEA2FC226B84DA001F930E /* DiscoverUserListTableViewCell.swift */,
				4342708C226ECAA00079AB22 /* ResultsTableViewController.swift */,
				4342708E226EE00F0079AB22 /* UserSearchTableViewCell.swift */,
				43915CA62272C7D400562B5A /* DiscoverUserSectionHeaderView.swift */,
			);
			path = Discover;
			sourceTree = "<group>";
		};
		B1C139997BE476638080E0E2 /* Pods */ = {
			isa = PBXGroup;
			children = (
				E94497C4FBECD7E8881FDC90 /* Pods-Fave.debug.xcconfig */,
				6404CA777F7C8002A35EDFED /* Pods-Fave.release.xcconfig */,
				E6524283E9D99B9E13E7AA21 /* Pods-Fave.albert's machine.xcconfig */,
				FFD3F099BC82A39E79CAD483 /* Pods-Fave.app store.xcconfig */,
				BA1DE3DC9DEAE3E5142BACE2 /* Pods-Fave.local.xcconfig */,
				7D008E896F0A760160472C00 /* Pods-Fave.albert.xcconfig */,
			);
			path = Pods;
			sourceTree = "<group>";
		};
		D7B8550E82BC98D37A3F55BF /* Frameworks */ = {
			isa = PBXGroup;
			children = (
				43AFB445223D9E3B00B243E1 /* Rswift.framework */,
				959568249CF04E72C443846A /* Pods_Fave.framework */,
			);
			name = Frameworks;
			sourceTree = "<group>";
		};
/* End PBXGroup section */

/* Begin PBXNativeTarget section */
		438534B6223336BA00B99EC7 /* Fave */ = {
			isa = PBXNativeTarget;
			buildConfigurationList = 438534DF223336BB00B99EC7 /* Build configuration list for PBXNativeTarget "Fave" */;
			buildPhases = (
				3C919E37CA20D4B3960A6ECA /* [CP] Check Pods Manifest.lock */,
				438534B3223336BA00B99EC7 /* Sources */,
				438534B4223336BA00B99EC7 /* Frameworks */,
				438534B5223336BA00B99EC7 /* Resources */,
				7E576F27352408BFD3DD6569 /* [CP] Embed Pods Frameworks */,
				410A9957A4382443728A85CC /* [CP] Copy Pods Resources */,
				43AFEFCD22640EA10022A854 /* ShellScript */,
			);
			buildRules = (
			);
			dependencies = (
			);
			name = Fave;
			productName = Fave;
			productReference = 438534B7223336BA00B99EC7 /* Fave.app */;
			productType = "com.apple.product-type.application";
		};
		438534CA223336BB00B99EC7 /* FaveTests */ = {
			isa = PBXNativeTarget;
			buildConfigurationList = 438534E2223336BB00B99EC7 /* Build configuration list for PBXNativeTarget "FaveTests" */;
			buildPhases = (
				438534C7223336BB00B99EC7 /* Sources */,
				438534C8223336BB00B99EC7 /* Frameworks */,
				438534C9223336BB00B99EC7 /* Resources */,
			);
			buildRules = (
			);
			dependencies = (
				438534CD223336BB00B99EC7 /* PBXTargetDependency */,
			);
			name = FaveTests;
			productName = FaveTests;
			productReference = 438534CB223336BB00B99EC7 /* FaveTests.xctest */;
			productType = "com.apple.product-type.bundle.unit-test";
		};
		438534D5223336BB00B99EC7 /* FaveUITests */ = {
			isa = PBXNativeTarget;
			buildConfigurationList = 438534E5223336BB00B99EC7 /* Build configuration list for PBXNativeTarget "FaveUITests" */;
			buildPhases = (
				438534D2223336BB00B99EC7 /* Sources */,
				438534D3223336BB00B99EC7 /* Frameworks */,
				438534D4223336BB00B99EC7 /* Resources */,
			);
			buildRules = (
			);
			dependencies = (
				438534D8223336BB00B99EC7 /* PBXTargetDependency */,
			);
			name = FaveUITests;
			productName = FaveUITests;
			productReference = 438534D6223336BB00B99EC7 /* FaveUITests.xctest */;
			productType = "com.apple.product-type.bundle.ui-testing";
		};
/* End PBXNativeTarget section */

/* Begin PBXProject section */
		438534AF223336BA00B99EC7 /* Project object */ = {
			isa = PBXProject;
			attributes = {
				LastSwiftUpdateCheck = 1010;
				LastUpgradeCheck = 1010;
				ORGANIZATIONNAME = "Patrick Reynolds";
				TargetAttributes = {
					438534B6223336BA00B99EC7 = {
						CreatedOnToolsVersion = 10.1;
					};
					438534CA223336BB00B99EC7 = {
						CreatedOnToolsVersion = 10.1;
						TestTargetID = 438534B6223336BA00B99EC7;
					};
					438534D5223336BB00B99EC7 = {
						CreatedOnToolsVersion = 10.1;
						TestTargetID = 438534B6223336BA00B99EC7;
					};
				};
			};
			buildConfigurationList = 438534B2223336BA00B99EC7 /* Build configuration list for PBXProject "Fave" */;
			compatibilityVersion = "Xcode 9.3";
			developmentRegion = en;
			hasScannedForEncodings = 0;
			knownRegions = (
				en,
				Base,
			);
			mainGroup = 438534AE223336BA00B99EC7;
			productRefGroup = 438534B8223336BA00B99EC7 /* Products */;
			projectDirPath = "";
			projectRoot = "";
			targets = (
				438534B6223336BA00B99EC7 /* Fave */,
				438534CA223336BB00B99EC7 /* FaveTests */,
				438534D5223336BB00B99EC7 /* FaveUITests */,
			);
		};
/* End PBXProject section */

/* Begin PBXResourcesBuildPhase section */
		438534B5223336BA00B99EC7 /* Resources */ = {
			isa = PBXResourcesBuildPhase;
			buildActionMask = 2147483647;
			files = (
				438534C5223336BB00B99EC7 /* LaunchScreen.storyboard in Resources */,
				438534C2223336BB00B99EC7 /* Assets.xcassets in Resources */,
				4386BFF0223359B1006A3ED7 /* ProximaNova-Bold.otf in Resources */,
				4386BFEC223359B1006A3ED7 /* ProximaNova-Regular.otf in Resources */,
				4386BFEE223359B1006A3ED7 /* ProximaNova-Extrabld.otf in Resources */,
				4386BFED223359B1006A3ED7 /* ProximaNova-Semibold.otf in Resources */,
				4386BFEF223359B1006A3ED7 /* ProximaNova-Light.otf in Resources */,
			);
			runOnlyForDeploymentPostprocessing = 0;
		};
		438534C9223336BB00B99EC7 /* Resources */ = {
			isa = PBXResourcesBuildPhase;
			buildActionMask = 2147483647;
			files = (
			);
			runOnlyForDeploymentPostprocessing = 0;
		};
		438534D4223336BB00B99EC7 /* Resources */ = {
			isa = PBXResourcesBuildPhase;
			buildActionMask = 2147483647;
			files = (
			);
			runOnlyForDeploymentPostprocessing = 0;
		};
/* End PBXResourcesBuildPhase section */

/* Begin PBXShellScriptBuildPhase section */
		3C919E37CA20D4B3960A6ECA /* [CP] Check Pods Manifest.lock */ = {
			isa = PBXShellScriptBuildPhase;
			buildActionMask = 2147483647;
			files = (
			);
			inputFileListPaths = (
			);
			inputPaths = (
				"${PODS_PODFILE_DIR_PATH}/Podfile.lock",
				"${PODS_ROOT}/Manifest.lock",
			);
			name = "[CP] Check Pods Manifest.lock";
			outputFileListPaths = (
			);
			outputPaths = (
				"$(DERIVED_FILE_DIR)/Pods-Fave-checkManifestLockResult.txt",
			);
			runOnlyForDeploymentPostprocessing = 0;
			shellPath = /bin/sh;
			shellScript = "diff \"${PODS_PODFILE_DIR_PATH}/Podfile.lock\" \"${PODS_ROOT}/Manifest.lock\" > /dev/null\nif [ $? != 0 ] ; then\n    # print error to STDERR\n    echo \"error: The sandbox is not in sync with the Podfile.lock. Run 'pod install' or update your CocoaPods installation.\" >&2\n    exit 1\nfi\n# This output is used by Xcode 'outputs' to avoid re-running this script phase.\necho \"SUCCESS\" > \"${SCRIPT_OUTPUT_FILE_0}\"\n";
			showEnvVarsInLog = 0;
		};
		410A9957A4382443728A85CC /* [CP] Copy Pods Resources */ = {
			isa = PBXShellScriptBuildPhase;
			buildActionMask = 2147483647;
			files = (
			);
			inputFileListPaths = (
			);
			inputPaths = (
				"${PODS_ROOT}/Target Support Files/Pods-Fave/Pods-Fave-resources.sh",
				"${PODS_ROOT}/GoogleMaps/Maps/Frameworks/GoogleMaps.framework/Resources/GoogleMaps.bundle",
				"${PODS_ROOT}/GooglePlaces/Frameworks/GooglePlaces.framework/Resources/GooglePlaces.bundle",
			);
			name = "[CP] Copy Pods Resources";
			outputFileListPaths = (
			);
			outputPaths = (
				"${TARGET_BUILD_DIR}/${UNLOCALIZED_RESOURCES_FOLDER_PATH}/GoogleMaps.bundle",
				"${TARGET_BUILD_DIR}/${UNLOCALIZED_RESOURCES_FOLDER_PATH}/GooglePlaces.bundle",
			);
			runOnlyForDeploymentPostprocessing = 0;
			shellPath = /bin/sh;
			shellScript = "\"${PODS_ROOT}/Target Support Files/Pods-Fave/Pods-Fave-resources.sh\"\n";
			showEnvVarsInLog = 0;
		};
		43AFEFCD22640EA10022A854 /* ShellScript */ = {
			isa = PBXShellScriptBuildPhase;
			buildActionMask = 2147483647;
			files = (
			);
			inputFileListPaths = (
			);
			inputPaths = (
				"$(BUILT_PRODUCTS_DIR)/$(INFOPLIST_PATH)",
			);
			outputFileListPaths = (
			);
			outputPaths = (
			);
			runOnlyForDeploymentPostprocessing = 0;
			shellPath = /bin/sh;
			shellScript = "\"${PODS_ROOT}/Fabric/run\" f0df07900a72904bf43e452e780fabac94aee321 30b37c452c4f5f7231ce8f97229659b1c27dfac2792cfdbe318603000a104abc\n";
		};
		7E576F27352408BFD3DD6569 /* [CP] Embed Pods Frameworks */ = {
			isa = PBXShellScriptBuildPhase;
			buildActionMask = 2147483647;
			files = (
			);
			inputFileListPaths = (
			);
			inputPaths = (
				"${PODS_ROOT}/Target Support Files/Pods-Fave/Pods-Fave-frameworks.sh",
				"${BUILT_PRODUCTS_DIR}/Alamofire/Alamofire.framework",
				"${BUILT_PRODUCTS_DIR}/Bolts/Bolts.framework",
				"${BUILT_PRODUCTS_DIR}/Cartography/Cartography.framework",
				"${BUILT_PRODUCTS_DIR}/FBSDKCoreKit/FBSDKCoreKit.framework",
				"${BUILT_PRODUCTS_DIR}/FBSDKLoginKit/FBSDKLoginKit.framework",
				"${BUILT_PRODUCTS_DIR}/FBSDKShareKit/FBSDKShareKit.framework",
				"${BUILT_PRODUCTS_DIR}/FacebookCore/FacebookCore.framework",
				"${BUILT_PRODUCTS_DIR}/FacebookLogin/FacebookLogin.framework",
				"${BUILT_PRODUCTS_DIR}/FacebookShare/FacebookShare.framework",
				"${BUILT_PRODUCTS_DIR}/KMPlaceholderTextView/KMPlaceholderTextView.framework",
				"${BUILT_PRODUCTS_DIR}/MBProgressHUD/MBProgressHUD.framework",
				"${BUILT_PRODUCTS_DIR}/PromiseKit/PromiseKit.framework",
				"${BUILT_PRODUCTS_DIR}/R.swift.Library/Rswift.framework",
				"${BUILT_PRODUCTS_DIR}/SwiftKeychainWrapper/SwiftKeychainWrapper.framework",
				"${BUILT_PRODUCTS_DIR}/TTTAttributedLabel/TTTAttributedLabel.framework",
			);
			name = "[CP] Embed Pods Frameworks";
			outputFileListPaths = (
			);
			outputPaths = (
				"${TARGET_BUILD_DIR}/${FRAMEWORKS_FOLDER_PATH}/Alamofire.framework",
				"${TARGET_BUILD_DIR}/${FRAMEWORKS_FOLDER_PATH}/Bolts.framework",
				"${TARGET_BUILD_DIR}/${FRAMEWORKS_FOLDER_PATH}/Cartography.framework",
				"${TARGET_BUILD_DIR}/${FRAMEWORKS_FOLDER_PATH}/FBSDKCoreKit.framework",
				"${TARGET_BUILD_DIR}/${FRAMEWORKS_FOLDER_PATH}/FBSDKLoginKit.framework",
				"${TARGET_BUILD_DIR}/${FRAMEWORKS_FOLDER_PATH}/FBSDKShareKit.framework",
				"${TARGET_BUILD_DIR}/${FRAMEWORKS_FOLDER_PATH}/FacebookCore.framework",
				"${TARGET_BUILD_DIR}/${FRAMEWORKS_FOLDER_PATH}/FacebookLogin.framework",
				"${TARGET_BUILD_DIR}/${FRAMEWORKS_FOLDER_PATH}/FacebookShare.framework",
				"${TARGET_BUILD_DIR}/${FRAMEWORKS_FOLDER_PATH}/KMPlaceholderTextView.framework",
				"${TARGET_BUILD_DIR}/${FRAMEWORKS_FOLDER_PATH}/MBProgressHUD.framework",
				"${TARGET_BUILD_DIR}/${FRAMEWORKS_FOLDER_PATH}/PromiseKit.framework",
				"${TARGET_BUILD_DIR}/${FRAMEWORKS_FOLDER_PATH}/Rswift.framework",
				"${TARGET_BUILD_DIR}/${FRAMEWORKS_FOLDER_PATH}/SwiftKeychainWrapper.framework",
				"${TARGET_BUILD_DIR}/${FRAMEWORKS_FOLDER_PATH}/TTTAttributedLabel.framework",
			);
			runOnlyForDeploymentPostprocessing = 0;
			shellPath = /bin/sh;
			shellScript = "\"${PODS_ROOT}/Target Support Files/Pods-Fave/Pods-Fave-frameworks.sh\"\n";
			showEnvVarsInLog = 0;
		};
/* End PBXShellScriptBuildPhase section */

/* Begin PBXSourcesBuildPhase section */
		438534B3223336BA00B99EC7 /* Sources */ = {
			isa = PBXSourcesBuildPhase;
			buildActionMask = 2147483647;
			files = (
				43AFB448223DC3E000B243E1 /* User.swift in Sources */,
				439FDDDD2245C21700ED9343 /* StringExt.swift in Sources */,
				431DF8A22249FF7600717312 /* UIGestureRecognizerExt.swift in Sources */,
				438534EE223338AD00B99EC7 /* UITableViewExtensions.swift in Sources */,
				43915CAD2276AF5900562B5A /* ItemGooglePhotoCollectionViewCell.swift in Sources */,
				4369CF4D22598C1400FCA156 /* ItemInfoTableViewCell.swift in Sources */,
				43AFEFCF22641F850022A854 /* UIImageExt.swift in Sources */,
				4376A9ED225A509C00741F92 /* ItemPhotosTableViewCell.swift in Sources */,
				43AFB44F223EE47100B243E1 /* CGRectExt.swift in Sources */,
				4369CF4B2259884C00FCA156 /* ItemTableHeaderView.swift in Sources */,
				43824890227B50E800257D27 /* MyListsViewController.swift in Sources */,
				438534EA2233386100B99EC7 /* CartographyExt.swift in Sources */,
				438534FA2233397E00B99EC7 /* FaveVC.swift in Sources */,
				431A0DDC228DCC7300F2E6BD /* EventItemView.swift in Sources */,
				43BF881322447BB80096CCA1 /* CreateListViewController.swift in Sources */,
				43503BD8226BE449001BE92E /* ListFilterSegmentedControl.swift in Sources */,
				438534BD223336BA00B99EC7 /* FeedViewController.swift in Sources */,
				431A0DDA228DCBCA00F2E6BD /* FeedEventTableViewCell.swift in Sources */,
				438534FE223339D500B99EC7 /* Analytics.swift in Sources */,
				4376A9EB225A509400741F92 /* ItemMapTableViewCell.swift in Sources */,
				4386BFF222335F43006A3ED7 /* Label.swift in Sources */,
				4342708F226EE00F0079AB22 /* UserSearchTableViewCell.swift in Sources */,
				43824892227C069900257D27 /* AutosizingTableView.swift in Sources */,
				4369CF432257C11300FCA156 /* FaveTests.swift in Sources */,
				43915CA72272C7D400562B5A /* DiscoverUserSectionHeaderView.swift in Sources */,
				4369CF472258409D00FCA156 /* UIViewExt.swift in Sources */,
				4369CF4522583E7300FCA156 /* Haptic.swift in Sources */,
				43A69B2E2254FDC100DA2BA1 /* ContextualItems.swift in Sources */,
				43AFB451223EE6D100B243E1 /* EditProfileViewController.swift in Sources */,
				43B26BB9223A085900CA2549 /* ProfileViewController.swift in Sources */,
				43B26BB7223A065600CA2549 /* DiscoverViewController.swift in Sources */,
				4305F37722400A3500F6DE77 /* ListTableViewCell.swift in Sources */,
				4385350222333A1E00B99EC7 /* DependencyGraph.swift in Sources */,
				4386BFE522335777006A3ED7 /* FaveFont.swift in Sources */,
				4386BFE3223351DF006A3ED7 /* Utility.swift in Sources */,
				43BD5689224C9039009D0AC8 /* SelectListViewController.swift in Sources */,
				438534F2223338E700B99EC7 /* FaveColors.swift in Sources */,
				4386BFE022334760006A3ED7 /* LoggedOutViewController.swift in Sources */,
				43AFB44A223DD00500B243E1 /* Storage.swift in Sources */,
				430D8D30224DF1730082FCF2 /* Friend.swift in Sources */,
				439FDDE22245D2DE00ED9343 /* EntryTableViewCell.swift in Sources */,
				431CAF3E2240A08700F50FC8 /* NSAttributedStringExt.swift in Sources */,
				4385350022333A0700B99EC7 /* AppConfiguration.swift in Sources */,
				438534FC223339B200B99EC7 /* AnalyticsEvents.swift in Sources */,
				439FDDE42245FACF00ED9343 /* ListTableHeaderView.swift in Sources */,
				43176570223B644700C1963E /* Authenticator.swift in Sources */,
				4305F3752240087800F6DE77 /* Item.swift in Sources */,
				4342708D226ECAA00079AB22 /* ResultsTableViewController.swift in Sources */,
				431DF89F2249EDA500717312 /* CreateItemViewController.swift in Sources */,
				43AFB44D223DE8F500B243E1 /* ProfileTableHeaderView.swift in Sources */,
				438534F0223338C600B99EC7 /* IntExtensions.swift in Sources */,
				43915CAB2276A02B00562B5A /* UICollectionViewExt.swift in Sources */,
				43BEA2FD226B84DA001F930E /* DiscoverUserListTableViewCell.swift in Sources */,
				4385350922333B3D00B99EC7 /* AnalyticsService.swift in Sources */,
				438534F52233391500B99EC7 /* Color.swift in Sources */,
				43BF881522449EFB0096CCA1 /* DividerView.swift in Sources */,
				4385350B22333B8200B99EC7 /* FaveEndpoint.swift in Sources */,
				43BF88112243E10E0096CCA1 /* DictionaryExt.swift in Sources */,
				438534EC2233388900B99EC7 /* SaveCollections.swift in Sources */,
				43BD568B224C91B0009D0AC8 /* SelectListTableViewCell.swift in Sources */,
				438534BB223336BA00B99EC7 /* AppDelegate.swift in Sources */,
				439FDDE62245FB1600ED9343 /* ListTableSectionHeaderView.swift in Sources */,
				43503BDA226D2262001BE92E /* FaveAttributedLabel.swift in Sources */,
				4385350722333AFF00B99EC7 /* FaveService.swift in Sources */,
				4385350522333AA700B99EC7 /* Networking.swift in Sources */,
				4376A9EF225A517900741F92 /* ItemListSuggestionsTableViewCell.swift in Sources */,
				430D8D2E224DEBA20082FCF2 /* FeedEvent.swift in Sources */,
				4305F373224007C500F6DE77 /* List.swift in Sources */,
				439FDDE02245D1FC00ED9343 /* ListViewController.swift in Sources */,
				43915CA92276854900562B5A /* ItemInfoRatingView.swift in Sources */,
				4386BFF422335FA8006A3ED7 /* Shimmer.swift in Sources */,
				4369CF49225982F900FCA156 /* ItemViewController.swift in Sources */,
				43BEA2FA2268E13C001F930E /* TopLists.swift in Sources */,
			);
			runOnlyForDeploymentPostprocessing = 0;
		};
		438534C7223336BB00B99EC7 /* Sources */ = {
			isa = PBXSourcesBuildPhase;
			buildActionMask = 2147483647;
			files = (
				438534D0223336BB00B99EC7 /* FaveTests.swift in Sources */,
			);
			runOnlyForDeploymentPostprocessing = 0;
		};
		438534D2223336BB00B99EC7 /* Sources */ = {
			isa = PBXSourcesBuildPhase;
			buildActionMask = 2147483647;
			files = (
				438534DB223336BB00B99EC7 /* FaveUITests.swift in Sources */,
			);
			runOnlyForDeploymentPostprocessing = 0;
		};
/* End PBXSourcesBuildPhase section */

/* Begin PBXTargetDependency section */
		438534CD223336BB00B99EC7 /* PBXTargetDependency */ = {
			isa = PBXTargetDependency;
			target = 438534B6223336BA00B99EC7 /* Fave */;
			targetProxy = 438534CC223336BB00B99EC7 /* PBXContainerItemProxy */;
		};
		438534D8223336BB00B99EC7 /* PBXTargetDependency */ = {
			isa = PBXTargetDependency;
			target = 438534B6223336BA00B99EC7 /* Fave */;
			targetProxy = 438534D7223336BB00B99EC7 /* PBXContainerItemProxy */;
		};
/* End PBXTargetDependency section */

/* Begin PBXVariantGroup section */
		438534C3223336BB00B99EC7 /* LaunchScreen.storyboard */ = {
			isa = PBXVariantGroup;
			children = (
				438534C4223336BB00B99EC7 /* Base */,
			);
			name = LaunchScreen.storyboard;
			sourceTree = "<group>";
		};
/* End PBXVariantGroup section */

/* Begin XCBuildConfiguration section */
		431DF8A3224A0FFF00717312 /* Local */ = {
			isa = XCBuildConfiguration;
			buildSettings = {
				ALWAYS_SEARCH_USER_PATHS = NO;
				CLANG_ANALYZER_NONNULL = YES;
				CLANG_ANALYZER_NUMBER_OBJECT_CONVERSION = YES_AGGRESSIVE;
				CLANG_CXX_LANGUAGE_STANDARD = "gnu++14";
				CLANG_CXX_LIBRARY = "libc++";
				CLANG_ENABLE_MODULES = YES;
				CLANG_ENABLE_OBJC_ARC = YES;
				CLANG_ENABLE_OBJC_WEAK = YES;
				CLANG_WARN_BLOCK_CAPTURE_AUTORELEASING = YES;
				CLANG_WARN_BOOL_CONVERSION = YES;
				CLANG_WARN_COMMA = YES;
				CLANG_WARN_CONSTANT_CONVERSION = YES;
				CLANG_WARN_DEPRECATED_OBJC_IMPLEMENTATIONS = YES;
				CLANG_WARN_DIRECT_OBJC_ISA_USAGE = YES_ERROR;
				CLANG_WARN_DOCUMENTATION_COMMENTS = YES;
				CLANG_WARN_EMPTY_BODY = YES;
				CLANG_WARN_ENUM_CONVERSION = YES;
				CLANG_WARN_INFINITE_RECURSION = YES;
				CLANG_WARN_INT_CONVERSION = YES;
				CLANG_WARN_NON_LITERAL_NULL_CONVERSION = YES;
				CLANG_WARN_OBJC_IMPLICIT_RETAIN_SELF = YES;
				CLANG_WARN_OBJC_LITERAL_CONVERSION = YES;
				CLANG_WARN_OBJC_ROOT_CLASS = YES_ERROR;
				CLANG_WARN_RANGE_LOOP_ANALYSIS = YES;
				CLANG_WARN_STRICT_PROTOTYPES = YES;
				CLANG_WARN_SUSPICIOUS_MOVE = YES;
				CLANG_WARN_UNGUARDED_AVAILABILITY = YES_AGGRESSIVE;
				CLANG_WARN_UNREACHABLE_CODE = YES;
				CLANG_WARN__DUPLICATE_METHOD_MATCH = YES;
				CODE_SIGN_IDENTITY = "iPhone Developer";
				COPY_PHASE_STRIP = NO;
				DEBUG_INFORMATION_FORMAT = "dwarf-with-dsym";
				ENABLE_NS_ASSERTIONS = NO;
				ENABLE_STRICT_OBJC_MSGSEND = YES;
				ENABLE_TESTABILITY = YES;
				GCC_C_LANGUAGE_STANDARD = gnu11;
				GCC_NO_COMMON_BLOCKS = YES;
				GCC_OPTIMIZATION_LEVEL = 0;
				GCC_WARN_64_TO_32_BIT_CONVERSION = YES;
				GCC_WARN_ABOUT_RETURN_TYPE = YES_ERROR;
				GCC_WARN_UNDECLARED_SELECTOR = YES;
				GCC_WARN_UNINITIALIZED_AUTOS = YES_AGGRESSIVE;
				GCC_WARN_UNUSED_FUNCTION = YES;
				GCC_WARN_UNUSED_VARIABLE = YES;
				IPHONEOS_DEPLOYMENT_TARGET = 12.1;
				MTL_ENABLE_DEBUG_INFO = NO;
				MTL_FAST_MATH = YES;
				OTHER_LDFLAGS = "-ObjC";
				SDKROOT = iphoneos;
				SWIFT_COMPILATION_MODE = wholemodule;
				SWIFT_OPTIMIZATION_LEVEL = "-O";
				VALIDATE_PRODUCT = YES;
			};
			name = Local;
		};
		431DF8A4224A0FFF00717312 /* Local */ = {
			isa = XCBuildConfiguration;
			baseConfigurationReference = BA1DE3DC9DEAE3E5142BACE2 /* Pods-Fave.local.xcconfig */;
			buildSettings = {
				API_BASE_URL_ENDPOINT = "http://localhost:3000/";
				ASSETCATALOG_COMPILER_APPICON_NAME = AppIcon;
				CODE_SIGN_STYLE = Automatic;
				DEVELOPMENT_TEAM = 24GW4727H7;
				GOOGLE_API_KEY = "AIzaSyD6FEl0NDT39cAifz2AZctH8enh-b_gLs4";
				INFOPLIST_FILE = Fave/Info.plist;
				LD_RUNPATH_SEARCH_PATHS = (
					"$(inherited)",
					"@executable_path/Frameworks",
				);
				PRODUCT_BUNDLE_IDENTIFIER = me.patrickreynolds.Fave;
				PRODUCT_NAME = "$(TARGET_NAME)";
				SWIFT_COMPILATION_MODE = singlefile;
				SWIFT_OPTIMIZATION_LEVEL = "-Onone";
				SWIFT_VERSION = 4.2;
				TARGETED_DEVICE_FAMILY = 1;
			};
			name = Local;
		};
		431DF8A5224A0FFF00717312 /* Local */ = {
			isa = XCBuildConfiguration;
			buildSettings = {
				ALWAYS_EMBED_SWIFT_STANDARD_LIBRARIES = YES;
				BUNDLE_LOADER = "$(TEST_HOST)";
				CODE_SIGN_STYLE = Automatic;
				DEVELOPMENT_TEAM = 24GW4727H7;
				INFOPLIST_FILE = FaveTests/Info.plist;
				LD_RUNPATH_SEARCH_PATHS = (
					"$(inherited)",
					"@executable_path/Frameworks",
					"@loader_path/Frameworks",
				);
				PRODUCT_BUNDLE_IDENTIFIER = me.patrickreynolds.FaveTests;
				PRODUCT_NAME = "$(TARGET_NAME)";
				SWIFT_VERSION = 4.2;
				TARGETED_DEVICE_FAMILY = "1,2";
				TEST_HOST = "$(BUILT_PRODUCTS_DIR)/Fave.app/Fave";
			};
			name = Local;
		};
		431DF8A6224A0FFF00717312 /* Local */ = {
			isa = XCBuildConfiguration;
			buildSettings = {
				ALWAYS_EMBED_SWIFT_STANDARD_LIBRARIES = YES;
				CODE_SIGN_STYLE = Automatic;
				DEVELOPMENT_TEAM = 84AK95EPL5;
				INFOPLIST_FILE = FaveUITests/Info.plist;
				LD_RUNPATH_SEARCH_PATHS = (
					"$(inherited)",
					"@executable_path/Frameworks",
					"@loader_path/Frameworks",
				);
				PRODUCT_BUNDLE_IDENTIFIER = me.patrickreynolds.FaveUITests;
				PRODUCT_NAME = "$(TARGET_NAME)";
				SWIFT_VERSION = 4.2;
				TARGETED_DEVICE_FAMILY = "1,2";
				TEST_TARGET_NAME = Fave;
			};
			name = Local;
		};
		431DF8A7224A103900717312 /* App Store */ = {
			isa = XCBuildConfiguration;
			buildSettings = {
				ALWAYS_SEARCH_USER_PATHS = NO;
				CLANG_ANALYZER_NONNULL = YES;
				CLANG_ANALYZER_NUMBER_OBJECT_CONVERSION = YES_AGGRESSIVE;
				CLANG_CXX_LANGUAGE_STANDARD = "gnu++14";
				CLANG_CXX_LIBRARY = "libc++";
				CLANG_ENABLE_MODULES = YES;
				CLANG_ENABLE_OBJC_ARC = YES;
				CLANG_ENABLE_OBJC_WEAK = YES;
				CLANG_WARN_BLOCK_CAPTURE_AUTORELEASING = YES;
				CLANG_WARN_BOOL_CONVERSION = YES;
				CLANG_WARN_COMMA = YES;
				CLANG_WARN_CONSTANT_CONVERSION = YES;
				CLANG_WARN_DEPRECATED_OBJC_IMPLEMENTATIONS = YES;
				CLANG_WARN_DIRECT_OBJC_ISA_USAGE = YES_ERROR;
				CLANG_WARN_DOCUMENTATION_COMMENTS = YES;
				CLANG_WARN_EMPTY_BODY = YES;
				CLANG_WARN_ENUM_CONVERSION = YES;
				CLANG_WARN_INFINITE_RECURSION = YES;
				CLANG_WARN_INT_CONVERSION = YES;
				CLANG_WARN_NON_LITERAL_NULL_CONVERSION = YES;
				CLANG_WARN_OBJC_IMPLICIT_RETAIN_SELF = YES;
				CLANG_WARN_OBJC_LITERAL_CONVERSION = YES;
				CLANG_WARN_OBJC_ROOT_CLASS = YES_ERROR;
				CLANG_WARN_RANGE_LOOP_ANALYSIS = YES;
				CLANG_WARN_STRICT_PROTOTYPES = YES;
				CLANG_WARN_SUSPICIOUS_MOVE = YES;
				CLANG_WARN_UNGUARDED_AVAILABILITY = YES_AGGRESSIVE;
				CLANG_WARN_UNREACHABLE_CODE = YES;
				CLANG_WARN__DUPLICATE_METHOD_MATCH = YES;
				CODE_SIGN_IDENTITY = "iPhone Developer";
				COPY_PHASE_STRIP = NO;
				DEBUG_INFORMATION_FORMAT = "dwarf-with-dsym";
				ENABLE_NS_ASSERTIONS = NO;
				ENABLE_STRICT_OBJC_MSGSEND = YES;
				GCC_C_LANGUAGE_STANDARD = gnu11;
				GCC_NO_COMMON_BLOCKS = YES;
				GCC_OPTIMIZATION_LEVEL = 1;
				GCC_WARN_64_TO_32_BIT_CONVERSION = YES;
				GCC_WARN_ABOUT_RETURN_TYPE = YES_ERROR;
				GCC_WARN_UNDECLARED_SELECTOR = YES;
				GCC_WARN_UNINITIALIZED_AUTOS = YES_AGGRESSIVE;
				GCC_WARN_UNUSED_FUNCTION = YES;
				GCC_WARN_UNUSED_VARIABLE = YES;
				IPHONEOS_DEPLOYMENT_TARGET = 12.1;
				MTL_ENABLE_DEBUG_INFO = NO;
				MTL_FAST_MATH = YES;
				OTHER_LDFLAGS = "-ObjC";
				SDKROOT = iphoneos;
				SWIFT_COMPILATION_MODE = wholemodule;
				SWIFT_OPTIMIZATION_LEVEL = "-O";
				VALIDATE_PRODUCT = YES;
			};
			name = "App Store";
		};
		431DF8A8224A103900717312 /* App Store */ = {
			isa = XCBuildConfiguration;
			baseConfigurationReference = FFD3F099BC82A39E79CAD483 /* Pods-Fave.app store.xcconfig */;
			buildSettings = {
				API_BASE_URL_ENDPOINT = "http://ec2-3-17-159-82.us-east-2.compute.amazonaws.com:3000/";
				ASSETCATALOG_COMPILER_APPICON_NAME = AppIcon;
				CODE_SIGN_STYLE = Automatic;
				DEVELOPMENT_TEAM = 24GW4727H7;
				GOOGLE_API_KEY = "AIzaSyD6FEl0NDT39cAifz2AZctH8enh-b_gLs4";
				INFOPLIST_FILE = Fave/Info.plist;
				LD_RUNPATH_SEARCH_PATHS = (
					"$(inherited)",
					"@executable_path/Frameworks",
				);
				PRODUCT_BUNDLE_IDENTIFIER = me.patrickreynolds.Fave;
				PRODUCT_NAME = "$(TARGET_NAME)";
				SWIFT_OPTIMIZATION_LEVEL = "-O";
				SWIFT_VERSION = 4.2;
				TARGETED_DEVICE_FAMILY = 1;
			};
			name = "App Store";
		};
		431DF8A9224A103900717312 /* App Store */ = {
			isa = XCBuildConfiguration;
			buildSettings = {
				ALWAYS_EMBED_SWIFT_STANDARD_LIBRARIES = YES;
				BUNDLE_LOADER = "$(TEST_HOST)";
				CODE_SIGN_STYLE = Automatic;
				DEVELOPMENT_TEAM = 24GW4727H7;
				INFOPLIST_FILE = FaveTests/Info.plist;
				LD_RUNPATH_SEARCH_PATHS = (
					"$(inherited)",
					"@executable_path/Frameworks",
					"@loader_path/Frameworks",
				);
				PRODUCT_BUNDLE_IDENTIFIER = me.patrickreynolds.FaveTests;
				PRODUCT_NAME = "$(TARGET_NAME)";
				SWIFT_VERSION = 4.2;
				TARGETED_DEVICE_FAMILY = "1,2";
				TEST_HOST = "$(BUILT_PRODUCTS_DIR)/Fave.app/Fave";
			};
			name = "App Store";
		};
		431DF8AA224A103900717312 /* App Store */ = {
			isa = XCBuildConfiguration;
			buildSettings = {
				ALWAYS_EMBED_SWIFT_STANDARD_LIBRARIES = YES;
				CODE_SIGN_STYLE = Automatic;
				DEVELOPMENT_TEAM = 84AK95EPL5;
				INFOPLIST_FILE = FaveUITests/Info.plist;
				LD_RUNPATH_SEARCH_PATHS = (
					"$(inherited)",
					"@executable_path/Frameworks",
					"@loader_path/Frameworks",
				);
				PRODUCT_BUNDLE_IDENTIFIER = me.patrickreynolds.FaveUITests;
				PRODUCT_NAME = "$(TARGET_NAME)";
				SWIFT_VERSION = 4.2;
				TARGETED_DEVICE_FAMILY = "1,2";
				TEST_TARGET_NAME = Fave;
			};
			name = "App Store";
		};
		438534DD223336BB00B99EC7 /* Debug */ = {
			isa = XCBuildConfiguration;
			buildSettings = {
				ALWAYS_SEARCH_USER_PATHS = NO;
				CLANG_ANALYZER_NONNULL = YES;
				CLANG_ANALYZER_NUMBER_OBJECT_CONVERSION = YES_AGGRESSIVE;
				CLANG_CXX_LANGUAGE_STANDARD = "gnu++14";
				CLANG_CXX_LIBRARY = "libc++";
				CLANG_ENABLE_MODULES = YES;
				CLANG_ENABLE_OBJC_ARC = YES;
				CLANG_ENABLE_OBJC_WEAK = YES;
				CLANG_WARN_BLOCK_CAPTURE_AUTORELEASING = YES;
				CLANG_WARN_BOOL_CONVERSION = YES;
				CLANG_WARN_COMMA = YES;
				CLANG_WARN_CONSTANT_CONVERSION = YES;
				CLANG_WARN_DEPRECATED_OBJC_IMPLEMENTATIONS = YES;
				CLANG_WARN_DIRECT_OBJC_ISA_USAGE = YES_ERROR;
				CLANG_WARN_DOCUMENTATION_COMMENTS = YES;
				CLANG_WARN_EMPTY_BODY = YES;
				CLANG_WARN_ENUM_CONVERSION = YES;
				CLANG_WARN_INFINITE_RECURSION = YES;
				CLANG_WARN_INT_CONVERSION = YES;
				CLANG_WARN_NON_LITERAL_NULL_CONVERSION = YES;
				CLANG_WARN_OBJC_IMPLICIT_RETAIN_SELF = YES;
				CLANG_WARN_OBJC_LITERAL_CONVERSION = YES;
				CLANG_WARN_OBJC_ROOT_CLASS = YES_ERROR;
				CLANG_WARN_RANGE_LOOP_ANALYSIS = YES;
				CLANG_WARN_STRICT_PROTOTYPES = YES;
				CLANG_WARN_SUSPICIOUS_MOVE = YES;
				CLANG_WARN_UNGUARDED_AVAILABILITY = YES_AGGRESSIVE;
				CLANG_WARN_UNREACHABLE_CODE = YES;
				CLANG_WARN__DUPLICATE_METHOD_MATCH = YES;
				CODE_SIGN_IDENTITY = "iPhone Developer";
				COPY_PHASE_STRIP = NO;
				DEBUG_INFORMATION_FORMAT = dwarf;
				ENABLE_STRICT_OBJC_MSGSEND = YES;
				ENABLE_TESTABILITY = YES;
				GCC_C_LANGUAGE_STANDARD = gnu11;
				GCC_DYNAMIC_NO_PIC = NO;
				GCC_NO_COMMON_BLOCKS = YES;
				GCC_OPTIMIZATION_LEVEL = 0;
				GCC_PREPROCESSOR_DEFINITIONS = (
					"DEBUG=1",
					"$(inherited)",
				);
				GCC_WARN_64_TO_32_BIT_CONVERSION = YES;
				GCC_WARN_ABOUT_RETURN_TYPE = YES_ERROR;
				GCC_WARN_UNDECLARED_SELECTOR = YES;
				GCC_WARN_UNINITIALIZED_AUTOS = YES_AGGRESSIVE;
				GCC_WARN_UNUSED_FUNCTION = YES;
				GCC_WARN_UNUSED_VARIABLE = YES;
				IPHONEOS_DEPLOYMENT_TARGET = 12.1;
				MTL_ENABLE_DEBUG_INFO = INCLUDE_SOURCE;
				MTL_FAST_MATH = YES;
				ONLY_ACTIVE_ARCH = YES;
				OTHER_LDFLAGS = "-ObjC";
				SDKROOT = iphoneos;
				SWIFT_ACTIVE_COMPILATION_CONDITIONS = DEBUG;
				SWIFT_OPTIMIZATION_LEVEL = "-Onone";
			};
			name = Debug;
		};
		438534DE223336BB00B99EC7 /* Release */ = {
			isa = XCBuildConfiguration;
			buildSettings = {
				ALWAYS_SEARCH_USER_PATHS = NO;
				CLANG_ANALYZER_NONNULL = YES;
				CLANG_ANALYZER_NUMBER_OBJECT_CONVERSION = YES_AGGRESSIVE;
				CLANG_CXX_LANGUAGE_STANDARD = "gnu++14";
				CLANG_CXX_LIBRARY = "libc++";
				CLANG_ENABLE_MODULES = YES;
				CLANG_ENABLE_OBJC_ARC = YES;
				CLANG_ENABLE_OBJC_WEAK = YES;
				CLANG_WARN_BLOCK_CAPTURE_AUTORELEASING = YES;
				CLANG_WARN_BOOL_CONVERSION = YES;
				CLANG_WARN_COMMA = YES;
				CLANG_WARN_CONSTANT_CONVERSION = YES;
				CLANG_WARN_DEPRECATED_OBJC_IMPLEMENTATIONS = YES;
				CLANG_WARN_DIRECT_OBJC_ISA_USAGE = YES_ERROR;
				CLANG_WARN_DOCUMENTATION_COMMENTS = YES;
				CLANG_WARN_EMPTY_BODY = YES;
				CLANG_WARN_ENUM_CONVERSION = YES;
				CLANG_WARN_INFINITE_RECURSION = YES;
				CLANG_WARN_INT_CONVERSION = YES;
				CLANG_WARN_NON_LITERAL_NULL_CONVERSION = YES;
				CLANG_WARN_OBJC_IMPLICIT_RETAIN_SELF = YES;
				CLANG_WARN_OBJC_LITERAL_CONVERSION = YES;
				CLANG_WARN_OBJC_ROOT_CLASS = YES_ERROR;
				CLANG_WARN_RANGE_LOOP_ANALYSIS = YES;
				CLANG_WARN_STRICT_PROTOTYPES = YES;
				CLANG_WARN_SUSPICIOUS_MOVE = YES;
				CLANG_WARN_UNGUARDED_AVAILABILITY = YES_AGGRESSIVE;
				CLANG_WARN_UNREACHABLE_CODE = YES;
				CLANG_WARN__DUPLICATE_METHOD_MATCH = YES;
				CODE_SIGN_IDENTITY = "iPhone Developer";
				COPY_PHASE_STRIP = NO;
				DEBUG_INFORMATION_FORMAT = "dwarf-with-dsym";
				ENABLE_NS_ASSERTIONS = NO;
				ENABLE_STRICT_OBJC_MSGSEND = YES;
				GCC_C_LANGUAGE_STANDARD = gnu11;
				GCC_NO_COMMON_BLOCKS = YES;
				GCC_OPTIMIZATION_LEVEL = 0;
				GCC_WARN_64_TO_32_BIT_CONVERSION = YES;
				GCC_WARN_ABOUT_RETURN_TYPE = YES_ERROR;
				GCC_WARN_UNDECLARED_SELECTOR = YES;
				GCC_WARN_UNINITIALIZED_AUTOS = YES_AGGRESSIVE;
				GCC_WARN_UNUSED_FUNCTION = YES;
				GCC_WARN_UNUSED_VARIABLE = YES;
				IPHONEOS_DEPLOYMENT_TARGET = 12.1;
				MTL_ENABLE_DEBUG_INFO = NO;
				MTL_FAST_MATH = YES;
				OTHER_LDFLAGS = "-ObjC";
				SDKROOT = iphoneos;
				SWIFT_COMPILATION_MODE = wholemodule;
				SWIFT_OPTIMIZATION_LEVEL = "-O";
				VALIDATE_PRODUCT = YES;
			};
			name = Release;
		};
		438534E0223336BB00B99EC7 /* Debug */ = {
			isa = XCBuildConfiguration;
			baseConfigurationReference = E94497C4FBECD7E8881FDC90 /* Pods-Fave.debug.xcconfig */;
			buildSettings = {
				API_BASE_URL_ENDPOINT = "http://localhost:3000/";
				ASSETCATALOG_COMPILER_APPICON_NAME = AppIcon;
				CODE_SIGN_STYLE = Automatic;
				DEVELOPMENT_TEAM = 24GW4727H7;
				GOOGLE_API_KEY = "AIzaSyD6FEl0NDT39cAifz2AZctH8enh-b_gLs4";
				INFOPLIST_FILE = Fave/Info.plist;
				LD_RUNPATH_SEARCH_PATHS = (
					"$(inherited)",
					"@executable_path/Frameworks",
				);
				PRODUCT_BUNDLE_IDENTIFIER = me.patrickreynolds.Fave;
				PRODUCT_NAME = "$(TARGET_NAME)";
				SWIFT_OPTIMIZATION_LEVEL = "-Onone";
				SWIFT_VERSION = 4.2;
				TARGETED_DEVICE_FAMILY = 1;
			};
			name = Debug;
		};
		438534E1223336BB00B99EC7 /* Release */ = {
			isa = XCBuildConfiguration;
			baseConfigurationReference = 6404CA777F7C8002A35EDFED /* Pods-Fave.release.xcconfig */;
			buildSettings = {
				API_BASE_URL_ENDPOINT = "http://localhost:3000/";
				ASSETCATALOG_COMPILER_APPICON_NAME = AppIcon;
				CODE_SIGN_STYLE = Automatic;
				DEVELOPMENT_TEAM = 24GW4727H7;
				GOOGLE_API_KEY = "AIzaSyD6FEl0NDT39cAifz2AZctH8enh-b_gLs4";
				INFOPLIST_FILE = Fave/Info.plist;
				LD_RUNPATH_SEARCH_PATHS = (
					"$(inherited)",
					"@executable_path/Frameworks",
				);
				PRODUCT_BUNDLE_IDENTIFIER = me.patrickreynolds.Fave;
				PRODUCT_NAME = "$(TARGET_NAME)";
				SWIFT_OPTIMIZATION_LEVEL = "-Onone";
				SWIFT_VERSION = 4.2;
				TARGETED_DEVICE_FAMILY = 1;
			};
			name = Release;
		};
		438534E3223336BB00B99EC7 /* Debug */ = {
			isa = XCBuildConfiguration;
			buildSettings = {
				ALWAYS_EMBED_SWIFT_STANDARD_LIBRARIES = YES;
				BUNDLE_LOADER = "$(TEST_HOST)";
				CODE_SIGN_STYLE = Automatic;
				DEVELOPMENT_TEAM = 24GW4727H7;
				INFOPLIST_FILE = FaveTests/Info.plist;
				LD_RUNPATH_SEARCH_PATHS = (
					"$(inherited)",
					"@executable_path/Frameworks",
					"@loader_path/Frameworks",
				);
				PRODUCT_BUNDLE_IDENTIFIER = me.patrickreynolds.FaveTests;
				PRODUCT_NAME = "$(TARGET_NAME)";
				SWIFT_VERSION = 4.2;
				TARGETED_DEVICE_FAMILY = "1,2";
				TEST_HOST = "$(BUILT_PRODUCTS_DIR)/Fave.app/Fave";
			};
			name = Debug;
		};
		438534E4223336BB00B99EC7 /* Release */ = {
			isa = XCBuildConfiguration;
			buildSettings = {
				ALWAYS_EMBED_SWIFT_STANDARD_LIBRARIES = YES;
				BUNDLE_LOADER = "$(TEST_HOST)";
				CODE_SIGN_STYLE = Automatic;
				DEVELOPMENT_TEAM = 24GW4727H7;
				INFOPLIST_FILE = FaveTests/Info.plist;
				LD_RUNPATH_SEARCH_PATHS = (
					"$(inherited)",
					"@executable_path/Frameworks",
					"@loader_path/Frameworks",
				);
				PRODUCT_BUNDLE_IDENTIFIER = me.patrickreynolds.FaveTests;
				PRODUCT_NAME = "$(TARGET_NAME)";
				SWIFT_VERSION = 4.2;
				TARGETED_DEVICE_FAMILY = "1,2";
				TEST_HOST = "$(BUILT_PRODUCTS_DIR)/Fave.app/Fave";
			};
			name = Release;
		};
		438534E6223336BB00B99EC7 /* Debug */ = {
			isa = XCBuildConfiguration;
			buildSettings = {
				ALWAYS_EMBED_SWIFT_STANDARD_LIBRARIES = YES;
				CODE_SIGN_STYLE = Automatic;
				DEVELOPMENT_TEAM = 84AK95EPL5;
				INFOPLIST_FILE = FaveUITests/Info.plist;
				LD_RUNPATH_SEARCH_PATHS = (
					"$(inherited)",
					"@executable_path/Frameworks",
					"@loader_path/Frameworks",
				);
				PRODUCT_BUNDLE_IDENTIFIER = me.patrickreynolds.FaveUITests;
				PRODUCT_NAME = "$(TARGET_NAME)";
				SWIFT_VERSION = 4.2;
				TARGETED_DEVICE_FAMILY = "1,2";
				TEST_TARGET_NAME = Fave;
			};
			name = Debug;
		};
		438534E7223336BB00B99EC7 /* Release */ = {
			isa = XCBuildConfiguration;
			buildSettings = {
				ALWAYS_EMBED_SWIFT_STANDARD_LIBRARIES = YES;
				CODE_SIGN_STYLE = Automatic;
				DEVELOPMENT_TEAM = 84AK95EPL5;
				INFOPLIST_FILE = FaveUITests/Info.plist;
				LD_RUNPATH_SEARCH_PATHS = (
					"$(inherited)",
					"@executable_path/Frameworks",
					"@loader_path/Frameworks",
				);
				PRODUCT_BUNDLE_IDENTIFIER = me.patrickreynolds.FaveUITests;
				PRODUCT_NAME = "$(TARGET_NAME)";
				SWIFT_VERSION = 4.2;
				TARGETED_DEVICE_FAMILY = "1,2";
				TEST_TARGET_NAME = Fave;
			};
			name = Release;
		};
/* End XCBuildConfiguration section */

/* Begin XCConfigurationList section */
		438534B2223336BA00B99EC7 /* Build configuration list for PBXProject "Fave" */ = {
			isa = XCConfigurationList;
			buildConfigurations = (
				438534DD223336BB00B99EC7 /* Debug */,
				438534DE223336BB00B99EC7 /* Release */,
				431DF8A7224A103900717312 /* App Store */,
				431DF8A3224A0FFF00717312 /* Local */,
			);
			defaultConfigurationIsVisible = 0;
			defaultConfigurationName = Release;
		};
		438534DF223336BB00B99EC7 /* Build configuration list for PBXNativeTarget "Fave" */ = {
			isa = XCConfigurationList;
			buildConfigurations = (
				438534E0223336BB00B99EC7 /* Debug */,
				438534E1223336BB00B99EC7 /* Release */,
				431DF8A8224A103900717312 /* App Store */,
				431DF8A4224A0FFF00717312 /* Local */,
			);
			defaultConfigurationIsVisible = 0;
			defaultConfigurationName = Release;
		};
		438534E2223336BB00B99EC7 /* Build configuration list for PBXNativeTarget "FaveTests" */ = {
			isa = XCConfigurationList;
			buildConfigurations = (
				438534E3223336BB00B99EC7 /* Debug */,
				438534E4223336BB00B99EC7 /* Release */,
				431DF8A9224A103900717312 /* App Store */,
				431DF8A5224A0FFF00717312 /* Local */,
			);
			defaultConfigurationIsVisible = 0;
			defaultConfigurationName = Release;
		};
		438534E5223336BB00B99EC7 /* Build configuration list for PBXNativeTarget "FaveUITests" */ = {
			isa = XCConfigurationList;
			buildConfigurations = (
				438534E6223336BB00B99EC7 /* Debug */,
				438534E7223336BB00B99EC7 /* Release */,
				431DF8AA224A103900717312 /* App Store */,
				431DF8A6224A0FFF00717312 /* Local */,
			);
			defaultConfigurationIsVisible = 0;
			defaultConfigurationName = Release;
		};
/* End XCConfigurationList section */
	};
	rootObject = 438534AF223336BA00B99EC7 /* Project object */;
}
